{
  "pins" : [
    {
      "identity" : "http.swift",
      "kind" : "remoteSourceControl",
      "location" : "https://github.com/BiAtoms/Http.swift.git",
      "state" : {
        "revision" : "2e0cd4c94ffc1aec04dc355feca92b32b827dd74",
        "version" : "2.2.1"
      }
    },
    {
      "identity" : "nuke",
      "kind" : "remoteSourceControl",
      "location" : "https://github.com/kean/Nuke",
      "state" : {
        "revision" : "7395c7a9dcd390bbcfad17a731d8d529602702c6",
        "version" : "12.7.0"
      }
    },
    {
      "identity" : "request.swift",
      "kind" : "remoteSourceControl",
      "location" : "https://github.com/BiAtoms/Request.swift.git",
      "state" : {
        "revision" : "47cea3de9cb961f77c659a27894d32454b42e25f",
        "version" : "2.3.0"
      }
    },
    {
      "identity" : "socket.swift",
      "kind" : "remoteSourceControl",
      "location" : "https://github.com/BiAtoms/Socket.swift.git",
      "state" : {
        "revision" : "36911c13adfe12859ed43dcba878052b1897fcd3",
        "version" : "2.4.0"
      }
    }
  ],
  "version" : 2
}
