// !$*UTF8*$!
{
	archiveVersion = 1;
	classes = {
	};
	objectVersion = 56;
	objects = {

/* Begin PBXBuildFile section */
		33163FF02C3D224C0038E1EC /* DownloadTaskManager.swift in Sources */ = {isa = PBXBuildFile; fileRef = 33163FEF2C3D224C0038E1EC /* DownloadTaskManager.swift */; };
		3322FF492BFEC97F001768D8 /* SourceAppViewController.swift in Sources */ = {isa = PBXBuildFile; fileRef = 3322FF482BFEC97F001768D8 /* SourceAppViewController.swift */; };
		3322FF4C2BFEDB01001768D8 /* SourceAppTableViewCell.swift in Sources */ = {isa = PBXBuildFile; fileRef = 3322FF4B2BFEDB01001768D8 /* SourceAppTableViewCell.swift */; };
		3322FF4F2BFEE5B9001768D8 /* Nuke in Frameworks */ = {isa = PBXBuildFile; productRef = 3322FF4E2BFEE5B9001768D8 /* Nuke */; };
		3322FF512BFEE5B9001768D8 /* NukeExtensions in Frameworks */ = {isa = PBXBuildFile; productRef = 3322FF502BFEE5B9001768D8 /* NukeExtensions */; };
		3322FF532BFEE5B9001768D8 /* NukeUI in Frameworks */ = {isa = PBXBuildFile; productRef = 3322FF522BFEE5B9001768D8 /* NukeUI */; };
		3322FF552BFEE5B9001768D8 /* NukeVideo in Frameworks */ = {isa = PBXBuildFile; productRef = 3322FF542BFEE5B9001768D8 /* NukeVideo */; };
		332476D82C3E4CF7008C8EF0 /* SourceAppActions.swift in Sources */ = {isa = PBXBuildFile; fileRef = 332476D72C3E4CF7008C8EF0 /* SourceAppActions.swift */; };
		332476DA2C3E4D35008C8EF0 /* SourceAppDownload.swift in Sources */ = {isa = PBXBuildFile; fileRef = 332476D92C3E4D35008C8EF0 /* SourceAppDownload.swift */; };
		332476DC2C3E4D87008C8EF0 /* SourceViewActions.swift in Sources */ = {isa = PBXBuildFile; fileRef = 332476DB2C3E4D87008C8EF0 /* SourceViewActions.swift */; };
		332476DF2C3E85B4008C8EF0 /* LicenseViewController.swift in Sources */ = {isa = PBXBuildFile; fileRef = 332476DE2C3E85B4008C8EF0 /* LicenseViewController.swift */; };
		332476E62C3E8E25008C8EF0 /* SettingsCreditsTableCell.swift in Sources */ = {isa = PBXBuildFile; fileRef = 332476E52C3E8E25008C8EF0 /* SettingsCreditsTableCell.swift */; };
		332476EA2C3E905D008C8EF0 /* AboutViewController.swift in Sources */ = {isa = PBXBuildFile; fileRef = 332476E92C3E905D008C8EF0 /* AboutViewController.swift */; };
		332476ED2C3E92BC008C8EF0 /* DisplayCollectionTableViewCell.swift in Sources */ = {isa = PBXBuildFile; fileRef = 332476EB2C3E92BC008C8EF0 /* DisplayCollectionTableViewCell.swift */; };
		332476EE2C3E92BC008C8EF0 /* DisplayViewController.swift in Sources */ = {isa = PBXBuildFile; fileRef = 332476EC2C3E92BC008C8EF0 /* DisplayViewController.swift */; };
		332476F02C3E95F3008C8EF0 /* ResetViewController.swift in Sources */ = {isa = PBXBuildFile; fileRef = 332476EF2C3E95F3008C8EF0 /* ResetViewController.swift */; };
		332AE3C02C097F180052F24A /* Feather.xcdatamodeld in Sources */ = {isa = PBXBuildFile; fileRef = 332AE3BE2C097F180052F24A /* Feather.xcdatamodeld */; };
		332D72362BFA672B004AF675 /* AppsViewController.swift in Sources */ = {isa = PBXBuildFile; fileRef = 332D72352BFA672B004AF675 /* AppsViewController.swift */; };
		333912A02BF9816B00E72360 /* Model.swift in Sources */ = {isa = PBXBuildFile; fileRef = 3339129F2BF9816B00E72360 /* Model.swift */; };
		33570F612C32B80E008CB560 /* AppsTableViewCell.swift in Sources */ = {isa = PBXBuildFile; fileRef = 33570F602C32B80E008CB560 /* AppsTableViewCell.swift */; };
		33570F652C33D829008CB560 /* AppsInformation.swift in Sources */ = {isa = PBXBuildFile; fileRef = 33570F642C33D829008CB560 /* AppsInformation.swift */; };
		33570F672C34CCD5008CB560 /* AppsInformationViewController.swift in Sources */ = {isa = PBXBuildFile; fileRef = 33570F662C34CCD5008CB560 /* AppsInformationViewController.swift */; };
		33570F692C34E5B2008CB560 /* SectionHeaders.swift in Sources */ = {isa = PBXBuildFile; fileRef = 33570F682C34E5B2008CB560 /* SectionHeaders.swift */; };
		33570F6C2C34FDE2008CB560 /* EmptyPageStackView.swift in Sources */ = {isa = PBXBuildFile; fileRef = 33570F6B2C34FDE2008CB560 /* EmptyPageStackView.swift */; };
		336EEE812C32367C0011188D /* ZIPFoundation in Frameworks */ = {isa = PBXBuildFile; productRef = 336EEE802C32367C0011188D /* ZIPFoundation */; };
		33951CFE2C37AFCF00802F78 /* FloatingActionButton.swift in Sources */ = {isa = PBXBuildFile; fileRef = 33951CFD2C37AFCF00802F78 /* FloatingActionButton.swift */; };
		339BDAE02BF953EE007009D9 /* BasicLayoutAnchorsHolding.swift in Sources */ = {isa = PBXBuildFile; fileRef = 339BDADF2BF953EE007009D9 /* BasicLayoutAnchorsHolding.swift */; };
		339BDAE32BF95DC0007009D9 /* SectionIcons.swift in Sources */ = {isa = PBXBuildFile; fileRef = 339BDAE22BF95DC0007009D9 /* SectionIcons.swift */; };
		33A305D52C3A858100D650BA /* UIButton+longpress.swift in Sources */ = {isa = PBXBuildFile; fileRef = 33A305D42C3A858100D650BA /* UIButton+longpress.swift */; };
		33A305D72C3A85F300D650BA /* SourceDownload.swift in Sources */ = {isa = PBXBuildFile; fileRef = 33A305D62C3A85F300D650BA /* SourceDownload.swift */; };
		33AC87F12C3B7CBE003D1175 /* SettingsViewController.swift in Sources */ = {isa = PBXBuildFile; fileRef = 33AC87F02C3B7CBE003D1175 /* SettingsViewController.swift */; };
		33AC87F32C3B7D24003D1175 /* CertificatesViewController.swift in Sources */ = {isa = PBXBuildFile; fileRef = 33AC87F22C3B7D24003D1175 /* CertificatesViewController.swift */; };
		33BA378F2BF8159F00FF530A /* AppDelegate.swift in Sources */ = {isa = PBXBuildFile; fileRef = 33BA378E2BF8159F00FF530A /* AppDelegate.swift */; };
		33BA37932BF8159F00FF530A /* SourcesViewController.swift in Sources */ = {isa = PBXBuildFile; fileRef = 33BA37922BF8159F00FF530A /* SourcesViewController.swift */; };
		33BA37982BF815A100FF530A /* Assets.xcassets in Resources */ = {isa = PBXBuildFile; fileRef = 33BA37972BF815A100FF530A /* Assets.xcassets */; };
		33BA379B2BF815A100FF530A /* LaunchScreen.storyboard in Resources */ = {isa = PBXBuildFile; fileRef = 33BA37992BF815A100FF530A /* LaunchScreen.storyboard */; };
		33BA37A32BF815F900FF530A /* main.swift in Sources */ = {isa = PBXBuildFile; fileRef = 33BA37A22BF815F900FF530A /* main.swift */; };
		33BA37A82BF8168900FF530A /* TabbarController.swift in Sources */ = {isa = PBXBuildFile; fileRef = 33BA37A72BF8168900FF530A /* TabbarController.swift */; };
		33BA37AB2BF8196000FF530A /* Preferences.swift in Sources */ = {isa = PBXBuildFile; fileRef = 33BA37AA2BF8196000FF530A /* Preferences.swift */; };
		33BA37AD2BF8197200FF530A /* Storage.swift in Sources */ = {isa = PBXBuildFile; fileRef = 33BA37AC2BF8197200FF530A /* Storage.swift */; };
		33BA37B02BF819ED00FF530A /* UIColor+hex.swift in Sources */ = {isa = PBXBuildFile; fileRef = 33BA37AF2BF819ED00FF530A /* UIColor+hex.swift */; };
		33BA37BA2BF9426100FF530A /* Sources.swift in Sources */ = {isa = PBXBuildFile; fileRef = 33BA37B92BF9426100FF530A /* Sources.swift */; };
		33C0409B2C30B4A100243D90 /* AppDownload.swift in Sources */ = {isa = PBXBuildFile; fileRef = 33C0409A2C30B4A100243D90 /* AppDownload.swift */; };
		33C0409E2C30DD3E00243D90 /* AlertKit in Frameworks */ = {isa = PBXBuildFile; productRef = 33C0409D2C30DD3E00243D90 /* AlertKit */; };
		33CE81A72C42620A00C05327 /* RoundedSegmentedControl.swift in Sources */ = {isa = PBXBuildFile; fileRef = 33CE81A62C42620A00C05327 /* RoundedSegmentedControl.swift */; };
		33CE81A92C4295F300C05327 /* CertImportingVC.swift in Sources */ = {isa = PBXBuildFile; fileRef = 33CE81A82C4295F300C05327 /* CertImportingVC.swift */; };
		33DF8D772C0827E400D6C05F /* Markdown in Frameworks */ = {isa = PBXBuildFile; productRef = 33DF8D762C0827E400D6C05F /* Markdown */; };
		33DF8D792C0828A400D6C05F /* Markdownosaur.md in Resources */ = {isa = PBXBuildFile; fileRef = 33DF8D782C0828A400D6C05F /* Markdownosaur.md */; };
		33DF8D7B2C0828AC00D6C05F /* swift-markdown.md in Resources */ = {isa = PBXBuildFile; fileRef = 33DF8D7A2C0828AC00D6C05F /* swift-markdown.md */; };
		33DF8D7D2C0828CF00D6C05F /* Zsign.md in Resources */ = {isa = PBXBuildFile; fileRef = 33DF8D7C2C0828CF00D6C05F /* Zsign.md */; };
		33DF8D7F2C0828FB00D6C05F /* Nuke.md in Resources */ = {isa = PBXBuildFile; fileRef = 33DF8D7E2C0828FB00D6C05F /* Nuke.md */; };
		33DF8D812C08290F00D6C05F /* HttpSwift_RequestSwift_SocketSwift.md in Resources */ = {isa = PBXBuildFile; fileRef = 33DF8D802C08290F00D6C05F /* HttpSwift_RequestSwift_SocketSwift.md */; };
		33DF8D832C08298900D6C05F /* Markdown.swift in Sources */ = {isa = PBXBuildFile; fileRef = 33DF8D822C08298900D6C05F /* Markdown.swift */; };
		33DF8D862C082FBF00D6C05F /* cmark-gfm in Frameworks */ = {isa = PBXBuildFile; productRef = 33DF8D852C082FBF00D6C05F /* cmark-gfm */; };
		33DF8D882C082FBF00D6C05F /* cmark-gfm-extensions in Frameworks */ = {isa = PBXBuildFile; productRef = 33DF8D872C082FBF00D6C05F /* cmark-gfm-extensions */; };
		33DF8D8A2C082FBF00D6C05F /* cmark-gfm-bin in Frameworks */ = {isa = PBXBuildFile; productRef = 33DF8D892C082FBF00D6C05F /* cmark-gfm-bin */; };
		AF4D46EF2C432CCA003FA335 /* TweakLibraryViewCell.swift in Sources */ = {isa = PBXBuildFile; fileRef = AF4D46EE2C432CCA003FA335 /* TweakLibraryViewCell.swift */; };
		AF4D46F12C4332D7003FA335 /* SwitchViewCell.swift in Sources */ = {isa = PBXBuildFile; fileRef = AF4D46F02C4332D7003FA335 /* SwitchViewCell.swift */; };
		AF84EEFD2C4080610050CBE4 /* AppSigningViewController.swift in Sources */ = {isa = PBXBuildFile; fileRef = AF84EEFC2C4080610050CBE4 /* AppSigningViewController.swift */; };
		AFAC50922C48DB1300EDEAB6 /* ActivityIndicatorViewCell.swift in Sources */ = {isa = PBXBuildFile; fileRef = AFAC50912C48DB1200EDEAB6 /* ActivityIndicatorViewCell.swift */; };
		AFAC50952C48DF9300EDEAB6 /* AppSigner.swift in Sources */ = {isa = PBXBuildFile; fileRef = AFAC50942C48DF9300EDEAB6 /* AppSigner.swift */; };
		D0651C082BFEE1F600D40829 /* localhost.direct.pfx in Resources */ = {isa = PBXBuildFile; fileRef = D0651C062BFEE1F600D40829 /* localhost.direct.pfx */; };
		D0651C092BFEE1F600D40829 /* HTTPSServer.swift in Sources */ = {isa = PBXBuildFile; fileRef = D0651C072BFEE1F600D40829 /* HTTPSServer.swift */; };
		D0651C0C2BFEE46400D40829 /* HttpSwift in Frameworks */ = {isa = PBXBuildFile; productRef = D0651C0B2BFEE46400D40829 /* HttpSwift */; };
		D0651C112BFEE93C00D40829 /* zsign.mm in Sources */ = {isa = PBXBuildFile; fileRef = D0651C0F2BFEE93C00D40829 /* zsign.mm */; };
		D0651C1A2BFEE97F00D40829 /* base64.cpp in Sources */ = {isa = PBXBuildFile; fileRef = D0651C162BFEE97F00D40829 /* base64.cpp */; };
		D0651C1B2BFEE97F00D40829 /* common.cpp in Sources */ = {isa = PBXBuildFile; fileRef = D0651C172BFEE97F00D40829 /* common.cpp */; };
		D0651C1C2BFEE97F00D40829 /* json.cpp in Sources */ = {isa = PBXBuildFile; fileRef = D0651C192BFEE97F00D40829 /* json.cpp */; };
		D0651C332BFEEA4B00D40829 /* macho.cpp in Sources */ = {isa = PBXBuildFile; fileRef = D0651C202BFEEA4B00D40829 /* macho.cpp */; };
		D0651C372BFEEA4B00D40829 /* openssl.cpp in Sources */ = {isa = PBXBuildFile; fileRef = D0651C2C2BFEEA4B00D40829 /* openssl.cpp */; };
		D0651C392BFEEA4B00D40829 /* signing.cpp in Sources */ = {isa = PBXBuildFile; fileRef = D0651C2F2BFEEA4B00D40829 /* signing.cpp */; };
		D0651C3A2BFEEA4B00D40829 /* archo.cpp in Sources */ = {isa = PBXBuildFile; fileRef = D0651C302BFEEA4B00D40829 /* archo.cpp */; };
		D0651C3B2BFEEA4B00D40829 /* bundle.cpp in Sources */ = {isa = PBXBuildFile; fileRef = D0651C312BFEEA4B00D40829 /* bundle.cpp */; };
		D0AA9D542BFF02AF00A65D45 /* OpenSSL in Frameworks */ = {isa = PBXBuildFile; productRef = D0AA9D532BFF02AF00A65D45 /* OpenSSL */; };
/* End PBXBuildFile section */

/* Begin PBXFileReference section */
		33163FE62C3D098B0038E1EC /* .github */ = {isa = PBXFileReference; lastKnownFileType = folder; path = .github; sourceTree = "<group>"; };
		33163FE82C3D09980038E1EC /* LICENSE */ = {isa = PBXFileReference; fileEncoding = 4; lastKnownFileType = text; path = LICENSE; sourceTree = "<group>"; };
		33163FE92C3D09980038E1EC /* Makefile */ = {isa = PBXFileReference; fileEncoding = 4; lastKnownFileType = sourcecode.make; path = Makefile; sourceTree = "<group>"; };
		33163FEA2C3D09980038E1EC /* README.md */ = {isa = PBXFileReference; fileEncoding = 4; lastKnownFileType = net.daringfireball.markdown; path = README.md; sourceTree = "<group>"; };
		33163FEE2C3D09A50038E1EC /* .gitignore */ = {isa = PBXFileReference; lastKnownFileType = text; path = .gitignore; sourceTree = "<group>"; };
		33163FEF2C3D224C0038E1EC /* DownloadTaskManager.swift */ = {isa = PBXFileReference; lastKnownFileType = sourcecode.swift; path = DownloadTaskManager.swift; sourceTree = "<group>"; };
		3322FF482BFEC97F001768D8 /* SourceAppViewController.swift */ = {isa = PBXFileReference; lastKnownFileType = sourcecode.swift; path = SourceAppViewController.swift; sourceTree = "<group>"; };
		3322FF4B2BFEDB01001768D8 /* SourceAppTableViewCell.swift */ = {isa = PBXFileReference; lastKnownFileType = sourcecode.swift; path = SourceAppTableViewCell.swift; sourceTree = "<group>"; };
		332476D72C3E4CF7008C8EF0 /* SourceAppActions.swift */ = {isa = PBXFileReference; lastKnownFileType = sourcecode.swift; path = SourceAppActions.swift; sourceTree = "<group>"; };
		332476D92C3E4D35008C8EF0 /* SourceAppDownload.swift */ = {isa = PBXFileReference; lastKnownFileType = sourcecode.swift; path = SourceAppDownload.swift; sourceTree = "<group>"; };
		332476DB2C3E4D87008C8EF0 /* SourceViewActions.swift */ = {isa = PBXFileReference; lastKnownFileType = sourcecode.swift; path = SourceViewActions.swift; sourceTree = "<group>"; };
		332476DE2C3E85B4008C8EF0 /* LicenseViewController.swift */ = {isa = PBXFileReference; lastKnownFileType = sourcecode.swift; path = LicenseViewController.swift; sourceTree = "<group>"; };
		332476E52C3E8E25008C8EF0 /* SettingsCreditsTableCell.swift */ = {isa = PBXFileReference; lastKnownFileType = sourcecode.swift; path = SettingsCreditsTableCell.swift; sourceTree = "<group>"; };
		332476E92C3E905D008C8EF0 /* AboutViewController.swift */ = {isa = PBXFileReference; lastKnownFileType = sourcecode.swift; path = AboutViewController.swift; sourceTree = "<group>"; };
		332476EB2C3E92BC008C8EF0 /* DisplayCollectionTableViewCell.swift */ = {isa = PBXFileReference; fileEncoding = 4; lastKnownFileType = sourcecode.swift; path = DisplayCollectionTableViewCell.swift; sourceTree = "<group>"; };
		332476EC2C3E92BC008C8EF0 /* DisplayViewController.swift */ = {isa = PBXFileReference; fileEncoding = 4; lastKnownFileType = sourcecode.swift; path = DisplayViewController.swift; sourceTree = "<group>"; };
		332476EF2C3E95F3008C8EF0 /* ResetViewController.swift */ = {isa = PBXFileReference; lastKnownFileType = sourcecode.swift; path = ResetViewController.swift; sourceTree = "<group>"; };
		332AE3BF2C097F180052F24A /* Feather.xcdatamodel */ = {isa = PBXFileReference; lastKnownFileType = wrapper.xcdatamodel; path = Feather.xcdatamodel; sourceTree = "<group>"; };
		332D72352BFA672B004AF675 /* AppsViewController.swift */ = {isa = PBXFileReference; lastKnownFileType = sourcecode.swift; path = AppsViewController.swift; sourceTree = "<group>"; };
		3339129F2BF9816B00E72360 /* Model.swift */ = {isa = PBXFileReference; lastKnownFileType = sourcecode.swift; path = Model.swift; sourceTree = "<group>"; };
		33570F602C32B80E008CB560 /* AppsTableViewCell.swift */ = {isa = PBXFileReference; lastKnownFileType = sourcecode.swift; path = AppsTableViewCell.swift; sourceTree = "<group>"; };
		33570F642C33D829008CB560 /* AppsInformation.swift */ = {isa = PBXFileReference; lastKnownFileType = sourcecode.swift; path = AppsInformation.swift; sourceTree = "<group>"; };
		33570F662C34CCD5008CB560 /* AppsInformationViewController.swift */ = {isa = PBXFileReference; lastKnownFileType = sourcecode.swift; path = AppsInformationViewController.swift; sourceTree = "<group>"; };
		33570F682C34E5B2008CB560 /* SectionHeaders.swift */ = {isa = PBXFileReference; lastKnownFileType = sourcecode.swift; path = SectionHeaders.swift; sourceTree = "<group>"; };
		33570F6B2C34FDE2008CB560 /* EmptyPageStackView.swift */ = {isa = PBXFileReference; fileEncoding = 4; lastKnownFileType = sourcecode.swift; path = EmptyPageStackView.swift; sourceTree = "<group>"; };
		33951CFD2C37AFCF00802F78 /* FloatingActionButton.swift */ = {isa = PBXFileReference; lastKnownFileType = sourcecode.swift; path = FloatingActionButton.swift; sourceTree = "<group>"; };
		339BDADF2BF953EE007009D9 /* BasicLayoutAnchorsHolding.swift */ = {isa = PBXFileReference; lastKnownFileType = sourcecode.swift; path = BasicLayoutAnchorsHolding.swift; sourceTree = "<group>"; };
		339BDAE22BF95DC0007009D9 /* SectionIcons.swift */ = {isa = PBXFileReference; lastKnownFileType = sourcecode.swift; path = SectionIcons.swift; sourceTree = "<group>"; };
		33A305D42C3A858100D650BA /* UIButton+longpress.swift */ = {isa = PBXFileReference; lastKnownFileType = sourcecode.swift; path = "UIButton+longpress.swift"; sourceTree = "<group>"; };
		33A305D62C3A85F300D650BA /* SourceDownload.swift */ = {isa = PBXFileReference; lastKnownFileType = sourcecode.swift; path = SourceDownload.swift; sourceTree = "<group>"; };
		33AC87F02C3B7CBE003D1175 /* SettingsViewController.swift */ = {isa = PBXFileReference; lastKnownFileType = sourcecode.swift; path = SettingsViewController.swift; sourceTree = "<group>"; };
		33AC87F22C3B7D24003D1175 /* CertificatesViewController.swift */ = {isa = PBXFileReference; lastKnownFileType = sourcecode.swift; path = CertificatesViewController.swift; sourceTree = "<group>"; };
		33BA378B2BF8159F00FF530A /* feather.app */ = {isa = PBXFileReference; explicitFileType = wrapper.application; includeInIndex = 0; path = feather.app; sourceTree = BUILT_PRODUCTS_DIR; };
		33BA378E2BF8159F00FF530A /* AppDelegate.swift */ = {isa = PBXFileReference; lastKnownFileType = sourcecode.swift; path = AppDelegate.swift; sourceTree = "<group>"; };
		33BA37922BF8159F00FF530A /* SourcesViewController.swift */ = {isa = PBXFileReference; lastKnownFileType = sourcecode.swift; path = SourcesViewController.swift; sourceTree = "<group>"; };
		33BA37972BF815A100FF530A /* Assets.xcassets */ = {isa = PBXFileReference; lastKnownFileType = folder.assetcatalog; path = Assets.xcassets; sourceTree = "<group>"; };
		33BA379A2BF815A100FF530A /* Base */ = {isa = PBXFileReference; lastKnownFileType = file.storyboard; name = Base; path = Base.lproj/LaunchScreen.storyboard; sourceTree = "<group>"; };
		33BA379C2BF815A100FF530A /* Info.plist */ = {isa = PBXFileReference; lastKnownFileType = text.plist.xml; path = Info.plist; sourceTree = "<group>"; };
		33BA37A22BF815F900FF530A /* main.swift */ = {isa = PBXFileReference; lastKnownFileType = sourcecode.swift; path = main.swift; sourceTree = "<group>"; };
		33BA37A72BF8168900FF530A /* TabbarController.swift */ = {isa = PBXFileReference; lastKnownFileType = sourcecode.swift; path = TabbarController.swift; sourceTree = "<group>"; };
		33BA37AA2BF8196000FF530A /* Preferences.swift */ = {isa = PBXFileReference; lastKnownFileType = sourcecode.swift; path = Preferences.swift; sourceTree = "<group>"; };
		33BA37AC2BF8197200FF530A /* Storage.swift */ = {isa = PBXFileReference; lastKnownFileType = sourcecode.swift; path = Storage.swift; sourceTree = "<group>"; };
		33BA37AF2BF819ED00FF530A /* UIColor+hex.swift */ = {isa = PBXFileReference; lastKnownFileType = sourcecode.swift; path = "UIColor+hex.swift"; sourceTree = "<group>"; };
		33BA37B92BF9426100FF530A /* Sources.swift */ = {isa = PBXFileReference; lastKnownFileType = sourcecode.swift; path = Sources.swift; sourceTree = "<group>"; };
		33C0409A2C30B4A100243D90 /* AppDownload.swift */ = {isa = PBXFileReference; lastKnownFileType = sourcecode.swift; path = AppDownload.swift; sourceTree = "<group>"; };
		33CE81A62C42620A00C05327 /* RoundedSegmentedControl.swift */ = {isa = PBXFileReference; lastKnownFileType = sourcecode.swift; path = RoundedSegmentedControl.swift; sourceTree = "<group>"; };
		33CE81A82C4295F300C05327 /* CertImportingVC.swift */ = {isa = PBXFileReference; lastKnownFileType = sourcecode.swift; path = CertImportingVC.swift; sourceTree = "<group>"; };
		33DF8D782C0828A400D6C05F /* Markdownosaur.md */ = {isa = PBXFileReference; fileEncoding = 4; lastKnownFileType = net.daringfireball.markdown; path = Markdownosaur.md; sourceTree = "<group>"; };
		33DF8D7A2C0828AC00D6C05F /* swift-markdown.md */ = {isa = PBXFileReference; fileEncoding = 4; lastKnownFileType = net.daringfireball.markdown; path = "swift-markdown.md"; sourceTree = "<group>"; };
		33DF8D7C2C0828CF00D6C05F /* Zsign.md */ = {isa = PBXFileReference; fileEncoding = 4; lastKnownFileType = net.daringfireball.markdown; path = Zsign.md; sourceTree = "<group>"; };
		33DF8D7E2C0828FB00D6C05F /* Nuke.md */ = {isa = PBXFileReference; fileEncoding = 4; lastKnownFileType = net.daringfireball.markdown; path = Nuke.md; sourceTree = "<group>"; };
		33DF8D802C08290F00D6C05F /* HttpSwift_RequestSwift_SocketSwift.md */ = {isa = PBXFileReference; fileEncoding = 4; lastKnownFileType = net.daringfireball.markdown; path = HttpSwift_RequestSwift_SocketSwift.md; sourceTree = "<group>"; };
		33DF8D822C08298900D6C05F /* Markdown.swift */ = {isa = PBXFileReference; lastKnownFileType = sourcecode.swift; path = Markdown.swift; sourceTree = "<group>"; };
		AF4D46EE2C432CCA003FA335 /* TweakLibraryViewCell.swift */ = {isa = PBXFileReference; lastKnownFileType = sourcecode.swift; path = TweakLibraryViewCell.swift; sourceTree = "<group>"; };
		AF4D46F02C4332D7003FA335 /* SwitchViewCell.swift */ = {isa = PBXFileReference; lastKnownFileType = sourcecode.swift; path = SwitchViewCell.swift; sourceTree = "<group>"; };
		AF84EEFC2C4080610050CBE4 /* AppSigningViewController.swift */ = {isa = PBXFileReference; lastKnownFileType = sourcecode.swift; path = AppSigningViewController.swift; sourceTree = "<group>"; };
		AFAC50912C48DB1200EDEAB6 /* ActivityIndicatorViewCell.swift */ = {isa = PBXFileReference; lastKnownFileType = sourcecode.swift; path = ActivityIndicatorViewCell.swift; sourceTree = "<group>"; };
		AFAC50942C48DF9300EDEAB6 /* AppSigner.swift */ = {isa = PBXFileReference; lastKnownFileType = sourcecode.swift; path = AppSigner.swift; sourceTree = "<group>"; };
		D0651C062BFEE1F600D40829 /* localhost.direct.pfx */ = {isa = PBXFileReference; lastKnownFileType = file; path = localhost.direct.pfx; sourceTree = "<group>"; };
		D0651C072BFEE1F600D40829 /* HTTPSServer.swift */ = {isa = PBXFileReference; fileEncoding = 4; lastKnownFileType = sourcecode.swift; path = HTTPSServer.swift; sourceTree = "<group>"; };
		D0651C0E2BFEE93B00D40829 /* feather-Bridging-Header.h */ = {isa = PBXFileReference; lastKnownFileType = sourcecode.c.h; path = "feather-Bridging-Header.h"; sourceTree = "<group>"; };
		D0651C0F2BFEE93C00D40829 /* zsign.mm */ = {isa = PBXFileReference; lastKnownFileType = sourcecode.cpp.objcpp; path = zsign.mm; sourceTree = "<group>"; };
		D0651C102BFEE93C00D40829 /* zsign.hpp */ = {isa = PBXFileReference; lastKnownFileType = sourcecode.cpp.h; path = zsign.hpp; sourceTree = "<group>"; };
		D0651C132BFEE97F00D40829 /* mach-o.h */ = {isa = PBXFileReference; fileEncoding = 4; lastKnownFileType = sourcecode.c.h; path = "mach-o.h"; sourceTree = "<group>"; };
		D0651C142BFEE97F00D40829 /* json.h */ = {isa = PBXFileReference; fileEncoding = 4; lastKnownFileType = sourcecode.c.h; path = json.h; sourceTree = "<group>"; };
		D0651C152BFEE97F00D40829 /* base64.h */ = {isa = PBXFileReference; fileEncoding = 4; lastKnownFileType = sourcecode.c.h; path = base64.h; sourceTree = "<group>"; };
		D0651C162BFEE97F00D40829 /* base64.cpp */ = {isa = PBXFileReference; fileEncoding = 4; lastKnownFileType = sourcecode.cpp.cpp; path = base64.cpp; sourceTree = "<group>"; };
		D0651C172BFEE97F00D40829 /* common.cpp */ = {isa = PBXFileReference; fileEncoding = 4; lastKnownFileType = sourcecode.cpp.cpp; path = common.cpp; sourceTree = "<group>"; };
		D0651C182BFEE97F00D40829 /* common.h */ = {isa = PBXFileReference; fileEncoding = 4; lastKnownFileType = sourcecode.c.h; path = common.h; sourceTree = "<group>"; };
		D0651C192BFEE97F00D40829 /* json.cpp */ = {isa = PBXFileReference; fileEncoding = 4; lastKnownFileType = sourcecode.cpp.cpp; path = json.cpp; sourceTree = "<group>"; };
		D0651C202BFEEA4B00D40829 /* macho.cpp */ = {isa = PBXFileReference; fileEncoding = 4; lastKnownFileType = sourcecode.cpp.cpp; path = macho.cpp; sourceTree = "<group>"; };
		D0651C212BFEEA4B00D40829 /* macho.h */ = {isa = PBXFileReference; fileEncoding = 4; lastKnownFileType = sourcecode.c.h; path = macho.h; sourceTree = "<group>"; };
		D0651C2A2BFEEA4B00D40829 /* archo.h */ = {isa = PBXFileReference; fileEncoding = 4; lastKnownFileType = sourcecode.c.h; path = archo.h; sourceTree = "<group>"; };
		D0651C2B2BFEEA4B00D40829 /* signing.h */ = {isa = PBXFileReference; fileEncoding = 4; lastKnownFileType = sourcecode.c.h; path = signing.h; sourceTree = "<group>"; };
		D0651C2C2BFEEA4B00D40829 /* openssl.cpp */ = {isa = PBXFileReference; fileEncoding = 4; lastKnownFileType = sourcecode.cpp.cpp; path = openssl.cpp; sourceTree = "<group>"; };
		D0651C2E2BFEEA4B00D40829 /* openssl.h */ = {isa = PBXFileReference; fileEncoding = 4; lastKnownFileType = sourcecode.c.h; path = openssl.h; sourceTree = "<group>"; };
		D0651C2F2BFEEA4B00D40829 /* signing.cpp */ = {isa = PBXFileReference; fileEncoding = 4; lastKnownFileType = sourcecode.cpp.cpp; path = signing.cpp; sourceTree = "<group>"; };
		D0651C302BFEEA4B00D40829 /* archo.cpp */ = {isa = PBXFileReference; fileEncoding = 4; lastKnownFileType = sourcecode.cpp.cpp; path = archo.cpp; sourceTree = "<group>"; };
		D0651C312BFEEA4B00D40829 /* bundle.cpp */ = {isa = PBXFileReference; fileEncoding = 4; lastKnownFileType = sourcecode.cpp.cpp; path = bundle.cpp; sourceTree = "<group>"; };
		D0651C322BFEEA4B00D40829 /* bundle.h */ = {isa = PBXFileReference; fileEncoding = 4; lastKnownFileType = sourcecode.c.h; path = bundle.h; sourceTree = "<group>"; };
/* End PBXFileReference section */

/* Begin PBXFrameworksBuildPhase section */
		33BA37882BF8159F00FF530A /* Frameworks */ = {
			isa = PBXFrameworksBuildPhase;
			buildActionMask = 2147483647;
			files = (
				D0651C0C2BFEE46400D40829 /* HttpSwift in Frameworks */,
				3322FF4F2BFEE5B9001768D8 /* Nuke in Frameworks */,
				33DF8D8A2C082FBF00D6C05F /* cmark-gfm-bin in Frameworks */,
				3322FF552BFEE5B9001768D8 /* NukeVideo in Frameworks */,
				D0AA9D542BFF02AF00A65D45 /* OpenSSL in Frameworks */,
				33DF8D882C082FBF00D6C05F /* cmark-gfm-extensions in Frameworks */,
				3322FF512BFEE5B9001768D8 /* NukeExtensions in Frameworks */,
				33DF8D772C0827E400D6C05F /* Markdown in Frameworks */,
				33DF8D862C082FBF00D6C05F /* cmark-gfm in Frameworks */,
				3322FF532BFEE5B9001768D8 /* NukeUI in Frameworks */,
				33C0409E2C30DD3E00243D90 /* AlertKit in Frameworks */,
				336EEE812C32367C0011188D /* ZIPFoundation in Frameworks */,
			);
			runOnlyForDeploymentPostprocessing = 0;
		};
/* End PBXFrameworksBuildPhase section */

/* Begin PBXGroup section */
		3322FF4A2BFEDAE8001768D8 /* SourceAppViews */ = {
			isa = PBXGroup;
			children = (
				3322FF482BFEC97F001768D8 /* SourceAppViewController.swift */,
				3322FF4B2BFEDB01001768D8 /* SourceAppTableViewCell.swift */,
				332476D72C3E4CF7008C8EF0 /* SourceAppActions.swift */,
				332476D92C3E4D35008C8EF0 /* SourceAppDownload.swift */,
			);
			path = SourceAppViews;
			sourceTree = "<group>";
		};
		332476DD2C3E858F008C8EF0 /* Acknowledgements */ = {
			isa = PBXGroup;
			children = (
				332476DE2C3E85B4008C8EF0 /* LicenseViewController.swift */,
			);
			path = Acknowledgements;
			sourceTree = "<group>";
		};
		332476E02C3E8660008C8EF0 /* Donations */ = {
			isa = PBXGroup;
			children = (
			);
			path = Donations;
			sourceTree = "<group>";
		};
		332476E12C3E874F008C8EF0 /* Reset */ = {
			isa = PBXGroup;
			children = (
				332476EF2C3E95F3008C8EF0 /* ResetViewController.swift */,
			);
			path = Reset;
			sourceTree = "<group>";
		};
		332476E22C3E8757008C8EF0 /* Logging */ = {
			isa = PBXGroup;
			children = (
			);
			path = Logging;
			sourceTree = "<group>";
		};
		332476E32C3E876F008C8EF0 /* Language */ = {
			isa = PBXGroup;
			children = (
			);
			path = Language;
			sourceTree = "<group>";
		};
		332476E42C3E8778008C8EF0 /* Display */ = {
			isa = PBXGroup;
			children = (
				332476EB2C3E92BC008C8EF0 /* DisplayCollectionTableViewCell.swift */,
				332476EC2C3E92BC008C8EF0 /* DisplayViewController.swift */,
			);
			path = Display;
			sourceTree = "<group>";
		};
		332476E72C3E9044008C8EF0 /* About */ = {
			isa = PBXGroup;
			children = (
				332476E92C3E905D008C8EF0 /* AboutViewController.swift */,
			);
			path = About;
			sourceTree = "<group>";
		};
		3339129E2BF9815300E72360 /* Sources */ = {
			isa = PBXGroup;
			children = (
				33BA37B92BF9426100FF530A /* Sources.swift */,
				3339129F2BF9816B00E72360 /* Model.swift */,
				332AE3BE2C097F180052F24A /* Feather.xcdatamodeld */,
			);
			path = Sources;
			sourceTree = "<group>";
		};
		33570F6A2C34FDCD008CB560 /* Other */ = {
			isa = PBXGroup;
			children = (
				33570F6B2C34FDE2008CB560 /* EmptyPageStackView.swift */,
			);
			path = Other;
			sourceTree = "<group>";
		};
		336EEE822C324C9B0011188D /* Apps */ = {
			isa = PBXGroup;
			children = (
				332D72352BFA672B004AF675 /* AppsViewController.swift */,
				33570F602C32B80E008CB560 /* AppsTableViewCell.swift */,
				33570F642C33D829008CB560 /* AppsInformation.swift */,
				33570F662C34CCD5008CB560 /* AppsInformationViewController.swift */,
				AF84EEFC2C4080610050CBE4 /* AppSigningViewController.swift */,
				AF4D46EE2C432CCA003FA335 /* TweakLibraryViewCell.swift */,
				AF4D46F02C4332D7003FA335 /* SwitchViewCell.swift */,
				AFAC50912C48DB1200EDEAB6 /* ActivityIndicatorViewCell.swift */,
			);
			path = Apps;
			sourceTree = "<group>";
		};
		339BDAE12BF95DB4007009D9 /* Design */ = {
			isa = PBXGroup;
			children = (
				339BDAE22BF95DC0007009D9 /* SectionIcons.swift */,
				33DF8D822C08298900D6C05F /* Markdown.swift */,
				33570F682C34E5B2008CB560 /* SectionHeaders.swift */,
				33951CFD2C37AFCF00802F78 /* FloatingActionButton.swift */,
				33CE81A62C42620A00C05327 /* RoundedSegmentedControl.swift */,
			);
			path = Design;
			sourceTree = "<group>";
		};
		33AC87EE2C3B7C3D003D1175 /* Certificates */ = {
			isa = PBXGroup;
			children = (
				33AC87F22C3B7D24003D1175 /* CertificatesViewController.swift */,
				33CE81A82C4295F300C05327 /* CertImportingVC.swift */,
			);
			path = Certificates;
			sourceTree = "<group>";
		};
		33AC87EF2C3B7C46003D1175 /* Settings */ = {
			isa = PBXGroup;
			children = (
				33AC87F02C3B7CBE003D1175 /* SettingsViewController.swift */,
				332476E52C3E8E25008C8EF0 /* SettingsCreditsTableCell.swift */,
				332476E72C3E9044008C8EF0 /* About */,
				332476DD2C3E858F008C8EF0 /* Acknowledgements */,
				332476E42C3E8778008C8EF0 /* Display */,
				332476E32C3E876F008C8EF0 /* Language */,
				332476E02C3E8660008C8EF0 /* Donations */,
				332476E22C3E8757008C8EF0 /* Logging */,
				332476E12C3E874F008C8EF0 /* Reset */,
			);
			path = Settings;
			sourceTree = "<group>";
		};
		33BA37822BF8159F00FF530A = {
			isa = PBXGroup;
			children = (
				33163FE62C3D098B0038E1EC /* .github */,
				33163FEE2C3D09A50038E1EC /* .gitignore */,
				33163FE92C3D09980038E1EC /* Makefile */,
				33163FE82C3D09980038E1EC /* LICENSE */,
				33163FEA2C3D09980038E1EC /* README.md */,
				33BA378D2BF8159F00FF530A /* feather */,
				33BA378C2BF8159F00FF530A /* Products */,
			);
			sourceTree = "<group>";
		};
		33BA378C2BF8159F00FF530A /* Products */ = {
			isa = PBXGroup;
			children = (
				33BA378B2BF8159F00FF530A /* feather.app */,
			);
			name = Products;
			sourceTree = "<group>";
		};
		33BA378D2BF8159F00FF530A /* feather */ = {
			isa = PBXGroup;
			children = (
				D0651C0D2BFEE90A00D40829 /* Signing */,
				D0651C052BFEE1F600D40829 /* Server */,
				33BA37A42BF8165400FF530A /* Delegates */,
				33BA37A62BF8167A00FF530A /* Views */,
				33C040992C30B47700243D90 /* Management */,
				339BDAE12BF95DB4007009D9 /* Design */,
				33BA37A92BF8194400FF530A /* Storage */,
				33BA37AE2BF819D400FF530A /* Extensions */,
				33BA37A52BF8166000FF530A /* Resources */,
				33BA37992BF815A100FF530A /* LaunchScreen.storyboard */,
				33BA379C2BF815A100FF530A /* Info.plist */,
			);
			path = feather;
			sourceTree = "<group>";
		};
		33BA37A42BF8165400FF530A /* Delegates */ = {
			isa = PBXGroup;
			children = (
				33BA37A22BF815F900FF530A /* main.swift */,
				33BA378E2BF8159F00FF530A /* AppDelegate.swift */,
			);
			path = Delegates;
			sourceTree = "<group>";
		};
		33BA37A52BF8166000FF530A /* Resources */ = {
			isa = PBXGroup;
			children = (
				33BA37972BF815A100FF530A /* Assets.xcassets */,
				33DF8D782C0828A400D6C05F /* Markdownosaur.md */,
				33DF8D7A2C0828AC00D6C05F /* swift-markdown.md */,
				33DF8D7C2C0828CF00D6C05F /* Zsign.md */,
				33DF8D7E2C0828FB00D6C05F /* Nuke.md */,
				33DF8D802C08290F00D6C05F /* HttpSwift_RequestSwift_SocketSwift.md */,
			);
			path = Resources;
			sourceTree = "<group>";
		};
		33BA37A62BF8167A00FF530A /* Views */ = {
			isa = PBXGroup;
			children = (
				33BA37A72BF8168900FF530A /* TabbarController.swift */,
				33BA37B12BF8FA0600FF530A /* Sources */,
				336EEE822C324C9B0011188D /* Apps */,
				33AC87EE2C3B7C3D003D1175 /* Certificates */,
				33AC87EF2C3B7C46003D1175 /* Settings */,
				33570F6A2C34FDCD008CB560 /* Other */,
			);
			path = Views;
			sourceTree = "<group>";
		};
		33BA37A92BF8194400FF530A /* Storage */ = {
			isa = PBXGroup;
			children = (
				33BA37B52BF8FF3E00FF530A /* Userdefaults */,
				3339129E2BF9815300E72360 /* Sources */,
			);
			path = Storage;
			sourceTree = "<group>";
		};
		33BA37AE2BF819D400FF530A /* Extensions */ = {
			isa = PBXGroup;
			children = (
				33BA37AF2BF819ED00FF530A /* UIColor+hex.swift */,
				339BDADF2BF953EE007009D9 /* BasicLayoutAnchorsHolding.swift */,
				33A305D42C3A858100D650BA /* UIButton+longpress.swift */,
			);
			path = Extensions;
			sourceTree = "<group>";
		};
		33BA37B12BF8FA0600FF530A /* Sources */ = {
			isa = PBXGroup;
			children = (
				33BA37922BF8159F00FF530A /* SourcesViewController.swift */,
				332476DB2C3E4D87008C8EF0 /* SourceViewActions.swift */,
				3322FF4A2BFEDAE8001768D8 /* SourceAppViews */,
			);
			path = Sources;
			sourceTree = "<group>";
		};
		33BA37B52BF8FF3E00FF530A /* Userdefaults */ = {
			isa = PBXGroup;
			children = (
				33BA37AA2BF8196000FF530A /* Preferences.swift */,
				33BA37AC2BF8197200FF530A /* Storage.swift */,
			);
			path = Userdefaults;
			sourceTree = "<group>";
		};
		33C040992C30B47700243D90 /* Management */ = {
			isa = PBXGroup;
			children = (
				33163FEF2C3D224C0038E1EC /* DownloadTaskManager.swift */,
				33C0409A2C30B4A100243D90 /* AppDownload.swift */,
				33A305D62C3A85F300D650BA /* SourceDownload.swift */,
			);
			path = Management;
			sourceTree = "<group>";
		};
		AFAC50932C48DC8E00EDEAB6 /* zsign */ = {
			isa = PBXGroup;
			children = (
				D0651C302BFEEA4B00D40829 /* archo.cpp */,
				D0651C2A2BFEEA4B00D40829 /* archo.h */,
				D0651C312BFEEA4B00D40829 /* bundle.cpp */,
				D0651C322BFEEA4B00D40829 /* bundle.h */,
				D0651C122BFEE96200D40829 /* common */,
				D0651C202BFEEA4B00D40829 /* macho.cpp */,
				D0651C212BFEEA4B00D40829 /* macho.h */,
				D0651C2C2BFEEA4B00D40829 /* openssl.cpp */,
				D0651C2E2BFEEA4B00D40829 /* openssl.h */,
				D0651C2F2BFEEA4B00D40829 /* signing.cpp */,
				D0651C2B2BFEEA4B00D40829 /* signing.h */,
				D0651C0F2BFEE93C00D40829 /* zsign.mm */,
				D0651C102BFEE93C00D40829 /* zsign.hpp */,
			);
			path = zsign;
			sourceTree = "<group>";
		};
		D0651C052BFEE1F600D40829 /* Server */ = {
			isa = PBXGroup;
			children = (
				D0651C062BFEE1F600D40829 /* localhost.direct.pfx */,
				D0651C072BFEE1F600D40829 /* HTTPSServer.swift */,
			);
			path = Server;
			sourceTree = "<group>";
		};
		D0651C0D2BFEE90A00D40829 /* Signing */ = {
			isa = PBXGroup;
			children = (
				AFAC50932C48DC8E00EDEAB6 /* zsign */,
				D0651C0E2BFEE93B00D40829 /* feather-Bridging-Header.h */,
				AFAC50942C48DF9300EDEAB6 /* AppSigner.swift */,
			);
			path = Signing;
			sourceTree = "<group>";
		};
		D0651C122BFEE96200D40829 /* common */ = {
			isa = PBXGroup;
			children = (
				D0651C162BFEE97F00D40829 /* base64.cpp */,
				D0651C152BFEE97F00D40829 /* base64.h */,
				D0651C172BFEE97F00D40829 /* common.cpp */,
				D0651C182BFEE97F00D40829 /* common.h */,
				D0651C192BFEE97F00D40829 /* json.cpp */,
				D0651C142BFEE97F00D40829 /* json.h */,
				D0651C132BFEE97F00D40829 /* mach-o.h */,
			);
			path = common;
			sourceTree = "<group>";
		};
/* End PBXGroup section */

/* Begin PBXNativeTarget section */
		33BA378A2BF8159F00FF530A /* feather */ = {
			isa = PBXNativeTarget;
			buildConfigurationList = 33BA379F2BF815A100FF530A /* Build configuration list for PBXNativeTarget "feather" */;
			buildPhases = (
				33BA37872BF8159F00FF530A /* Sources */,
				33BA37882BF8159F00FF530A /* Frameworks */,
				33BA37892BF8159F00FF530A /* Resources */,
			);
			buildRules = (
			);
			dependencies = (
			);
			name = feather;
			packageProductDependencies = (
				D0651C0B2BFEE46400D40829 /* HttpSwift */,
				3322FF4E2BFEE5B9001768D8 /* Nuke */,
				3322FF502BFEE5B9001768D8 /* NukeExtensions */,
				3322FF522BFEE5B9001768D8 /* NukeUI */,
				3322FF542BFEE5B9001768D8 /* NukeVideo */,
				D0AA9D532BFF02AF00A65D45 /* OpenSSL */,
				33DF8D762C0827E400D6C05F /* Markdown */,
				33DF8D852C082FBF00D6C05F /* cmark-gfm */,
				33DF8D872C082FBF00D6C05F /* cmark-gfm-extensions */,
				33DF8D892C082FBF00D6C05F /* cmark-gfm-bin */,
				33C0409D2C30DD3E00243D90 /* AlertKit */,
				336EEE802C32367C0011188D /* ZIPFoundation */,
			);
			productName = feather;
			productReference = 33BA378B2BF8159F00FF530A /* feather.app */;
			productType = "com.apple.product-type.application";
		};
/* End PBXNativeTarget section */

/* Begin PBXProject section */
		33BA37832BF8159F00FF530A /* Project object */ = {
			isa = PBXProject;
			attributes = {
				BuildIndependentTargetsInParallel = 1;
				LastSwiftUpdateCheck = 1500;
				LastUpgradeCheck = 1500;
				TargetAttributes = {
					33BA378A2BF8159F00FF530A = {
						CreatedOnToolsVersion = 15.0.1;
						LastSwiftMigration = 1520;
					};
				};
			};
			buildConfigurationList = 33BA37862BF8159F00FF530A /* Build configuration list for PBXProject "feather" */;
			compatibilityVersion = "Xcode 14.0";
			developmentRegion = en;
			hasScannedForEncodings = 0;
			knownRegions = (
				en,
				Base,
			);
			mainGroup = 33BA37822BF8159F00FF530A;
			packageReferences = (
				D0651C0A2BFEE46400D40829 /* XCRemoteSwiftPackageReference "Http.swift" */,
				3322FF4D2BFEE5B9001768D8 /* XCRemoteSwiftPackageReference "Nuke" */,
				D0AA9D522BFF02AF00A65D45 /* XCRemoteSwiftPackageReference "OpenSSL-Swift-Package" */,
				33DF8D752C0827E400D6C05F /* XCRemoteSwiftPackageReference "swift-markdown" */,
				33DF8D842C082FBF00D6C05F /* XCRemoteSwiftPackageReference "swift-cmark" */,
				33C0409C2C30DD3E00243D90 /* XCRemoteSwiftPackageReference "AlertKit" */,
				336EEE7F2C32367C0011188D /* XCRemoteSwiftPackageReference "ZIPFoundation" */,
			);
			productRefGroup = 33BA378C2BF8159F00FF530A /* Products */;
			projectDirPath = "";
			projectRoot = "";
			targets = (
				33BA378A2BF8159F00FF530A /* feather */,
			);
		};
/* End PBXProject section */

/* Begin PBXResourcesBuildPhase section */
		33BA37892BF8159F00FF530A /* Resources */ = {
			isa = PBXResourcesBuildPhase;
			buildActionMask = 2147483647;
			files = (
				33DF8D7D2C0828CF00D6C05F /* Zsign.md in Resources */,
				33DF8D792C0828A400D6C05F /* Markdownosaur.md in Resources */,
				33DF8D812C08290F00D6C05F /* HttpSwift_RequestSwift_SocketSwift.md in Resources */,
				D0651C082BFEE1F600D40829 /* localhost.direct.pfx in Resources */,
				33DF8D7F2C0828FB00D6C05F /* Nuke.md in Resources */,
				33BA379B2BF815A100FF530A /* LaunchScreen.storyboard in Resources */,
				33BA37982BF815A100FF530A /* Assets.xcassets in Resources */,
				33DF8D7B2C0828AC00D6C05F /* swift-markdown.md in Resources */,
			);
			runOnlyForDeploymentPostprocessing = 0;
		};
/* End PBXResourcesBuildPhase section */

/* Begin PBXSourcesBuildPhase section */
		33BA37872BF8159F00FF530A /* Sources */ = {
			isa = PBXSourcesBuildPhase;
			buildActionMask = 2147483647;
			files = (
				332476F02C3E95F3008C8EF0 /* ResetViewController.swift in Sources */,
				D0651C372BFEEA4B00D40829 /* openssl.cpp in Sources */,
				D0651C1A2BFEE97F00D40829 /* base64.cpp in Sources */,
				AF4D46EF2C432CCA003FA335 /* TweakLibraryViewCell.swift in Sources */,
				332476EA2C3E905D008C8EF0 /* AboutViewController.swift in Sources */,
				33BA37B02BF819ED00FF530A /* UIColor+hex.swift in Sources */,
				33BA37932BF8159F00FF530A /* SourcesViewController.swift in Sources */,
				332476E62C3E8E25008C8EF0 /* SettingsCreditsTableCell.swift in Sources */,
				33A305D52C3A858100D650BA /* UIButton+longpress.swift in Sources */,
				D0651C3A2BFEEA4B00D40829 /* archo.cpp in Sources */,
				D0651C092BFEE1F600D40829 /* HTTPSServer.swift in Sources */,
				33163FF02C3D224C0038E1EC /* DownloadTaskManager.swift in Sources */,
				D0651C1B2BFEE97F00D40829 /* common.cpp in Sources */,
				332476EE2C3E92BC008C8EF0 /* DisplayViewController.swift in Sources */,
				AFAC50922C48DB1300EDEAB6 /* ActivityIndicatorViewCell.swift in Sources */,
				3322FF4C2BFEDB01001768D8 /* SourceAppTableViewCell.swift in Sources */,
				332476ED2C3E92BC008C8EF0 /* DisplayCollectionTableViewCell.swift in Sources */,
				339BDAE02BF953EE007009D9 /* BasicLayoutAnchorsHolding.swift in Sources */,
				D0651C112BFEE93C00D40829 /* zsign.mm in Sources */,
				332476DA2C3E4D35008C8EF0 /* SourceAppDownload.swift in Sources */,
				3322FF492BFEC97F001768D8 /* SourceAppViewController.swift in Sources */,
				33570F692C34E5B2008CB560 /* SectionHeaders.swift in Sources */,
				332D72362BFA672B004AF675 /* AppsViewController.swift in Sources */,
				AF4D46F12C4332D7003FA335 /* SwitchViewCell.swift in Sources */,
				D0651C332BFEEA4B00D40829 /* macho.cpp in Sources */,
				332476DC2C3E4D87008C8EF0 /* SourceViewActions.swift in Sources */,
				33A305D72C3A85F300D650BA /* SourceDownload.swift in Sources */,
				33570F672C34CCD5008CB560 /* AppsInformationViewController.swift in Sources */,
				332476D82C3E4CF7008C8EF0 /* SourceAppActions.swift in Sources */,
				33BA37A82BF8168900FF530A /* TabbarController.swift in Sources */,
				33570F6C2C34FDE2008CB560 /* EmptyPageStackView.swift in Sources */,
				AFAC50952C48DF9300EDEAB6 /* AppSigner.swift in Sources */,
				33BA37AB2BF8196000FF530A /* Preferences.swift in Sources */,
				33570F652C33D829008CB560 /* AppsInformation.swift in Sources */,
				D0651C392BFEEA4B00D40829 /* signing.cpp in Sources */,
				33C0409B2C30B4A100243D90 /* AppDownload.swift in Sources */,
				33BA37BA2BF9426100FF530A /* Sources.swift in Sources */,
				D0651C1C2BFEE97F00D40829 /* json.cpp in Sources */,
				33BA378F2BF8159F00FF530A /* AppDelegate.swift in Sources */,
				33951CFE2C37AFCF00802F78 /* FloatingActionButton.swift in Sources */,
				D0651C3B2BFEEA4B00D40829 /* bundle.cpp in Sources */,
				332AE3C02C097F180052F24A /* Feather.xcdatamodeld in Sources */,
				33CE81A72C42620A00C05327 /* RoundedSegmentedControl.swift in Sources */,
				33BA37A32BF815F900FF530A /* main.swift in Sources */,
				333912A02BF9816B00E72360 /* Model.swift in Sources */,
				AF84EEFD2C4080610050CBE4 /* AppSigningViewController.swift in Sources */,
				33DF8D832C08298900D6C05F /* Markdown.swift in Sources */,
				339BDAE32BF95DC0007009D9 /* SectionIcons.swift in Sources */,
				33AC87F32C3B7D24003D1175 /* CertificatesViewController.swift in Sources */,
				33BA37AD2BF8197200FF530A /* Storage.swift in Sources */,
				33CE81A92C4295F300C05327 /* CertImportingVC.swift in Sources */,
				33570F612C32B80E008CB560 /* AppsTableViewCell.swift in Sources */,
				332476DF2C3E85B4008C8EF0 /* LicenseViewController.swift in Sources */,
				33AC87F12C3B7CBE003D1175 /* SettingsViewController.swift in Sources */,
			);
			runOnlyForDeploymentPostprocessing = 0;
		};
/* End PBXSourcesBuildPhase section */

/* Begin PBXVariantGroup section */
		33BA37992BF815A100FF530A /* LaunchScreen.storyboard */ = {
			isa = PBXVariantGroup;
			children = (
				33BA379A2BF815A100FF530A /* Base */,
			);
			name = LaunchScreen.storyboard;
			sourceTree = "<group>";
		};
/* End PBXVariantGroup section */

/* Begin XCBuildConfiguration section */
		33BA379D2BF815A100FF530A /* Debug */ = {
			isa = XCBuildConfiguration;
			buildSettings = {
				ALWAYS_SEARCH_USER_PATHS = NO;
				ASSETCATALOG_COMPILER_GENERATE_SWIFT_ASSET_SYMBOL_EXTENSIONS = YES;
				CLANG_ANALYZER_NONNULL = YES;
				CLANG_ANALYZER_NUMBER_OBJECT_CONVERSION = YES_AGGRESSIVE;
				CLANG_CXX_LANGUAGE_STANDARD = "gnu++20";
				CLANG_ENABLE_MODULES = YES;
				CLANG_ENABLE_OBJC_ARC = YES;
				CLANG_ENABLE_OBJC_WEAK = YES;
				CLANG_WARN_BLOCK_CAPTURE_AUTORELEASING = YES;
				CLANG_WARN_BOOL_CONVERSION = YES;
				CLANG_WARN_COMMA = YES;
				CLANG_WARN_CONSTANT_CONVERSION = YES;
				CLANG_WARN_DEPRECATED_OBJC_IMPLEMENTATIONS = YES;
				CLANG_WARN_DIRECT_OBJC_ISA_USAGE = YES_ERROR;
				CLANG_WARN_DOCUMENTATION_COMMENTS = YES;
				CLANG_WARN_EMPTY_BODY = YES;
				CLANG_WARN_ENUM_CONVERSION = YES;
				CLANG_WARN_INFINITE_RECURSION = YES;
				CLANG_WARN_INT_CONVERSION = YES;
				CLANG_WARN_NON_LITERAL_NULL_CONVERSION = YES;
				CLANG_WARN_OBJC_IMPLICIT_RETAIN_SELF = YES;
				CLANG_WARN_OBJC_LITERAL_CONVERSION = YES;
				CLANG_WARN_OBJC_ROOT_CLASS = YES_ERROR;
				CLANG_WARN_QUOTED_INCLUDE_IN_FRAMEWORK_HEADER = YES;
				CLANG_WARN_RANGE_LOOP_ANALYSIS = YES;
				CLANG_WARN_STRICT_PROTOTYPES = YES;
				CLANG_WARN_SUSPICIOUS_MOVE = YES;
				CLANG_WARN_UNGUARDED_AVAILABILITY = YES_AGGRESSIVE;
				CLANG_WARN_UNREACHABLE_CODE = YES;
				CLANG_WARN__DUPLICATE_METHOD_MATCH = YES;
				COPY_PHASE_STRIP = NO;
				DEBUG_INFORMATION_FORMAT = dwarf;
				ENABLE_STRICT_OBJC_MSGSEND = YES;
				ENABLE_TESTABILITY = YES;
				ENABLE_USER_SCRIPT_SANDBOXING = YES;
				GCC_C_LANGUAGE_STANDARD = gnu17;
				GCC_DYNAMIC_NO_PIC = NO;
				GCC_NO_COMMON_BLOCKS = YES;
				GCC_OPTIMIZATION_LEVEL = 0;
				GCC_PREPROCESSOR_DEFINITIONS = (
					"DEBUG=1",
					"$(inherited)",
				);
				GCC_WARN_64_TO_32_BIT_CONVERSION = YES;
				GCC_WARN_ABOUT_RETURN_TYPE = YES_ERROR;
				GCC_WARN_UNDECLARED_SELECTOR = YES;
				GCC_WARN_UNINITIALIZED_AUTOS = YES_AGGRESSIVE;
				GCC_WARN_UNUSED_FUNCTION = YES;
				GCC_WARN_UNUSED_VARIABLE = YES;
				IPHONEOS_DEPLOYMENT_TARGET = 14.0;
				LOCALIZATION_PREFERS_STRING_CATALOGS = YES;
				MTL_ENABLE_DEBUG_INFO = INCLUDE_SOURCE;
				MTL_FAST_MATH = YES;
				ONLY_ACTIVE_ARCH = YES;
				SDKROOT = iphoneos;
				SWIFT_ACTIVE_COMPILATION_CONDITIONS = "DEBUG $(inherited)";
				SWIFT_OPTIMIZATION_LEVEL = "-Onone";
			};
			name = Debug;
		};
		33BA379E2BF815A100FF530A /* Release */ = {
			isa = XCBuildConfiguration;
			buildSettings = {
				ALWAYS_SEARCH_USER_PATHS = NO;
				ASSETCATALOG_COMPILER_GENERATE_SWIFT_ASSET_SYMBOL_EXTENSIONS = YES;
				CLANG_ANALYZER_NONNULL = YES;
				CLANG_ANALYZER_NUMBER_OBJECT_CONVERSION = YES_AGGRESSIVE;
				CLANG_CXX_LANGUAGE_STANDARD = "gnu++20";
				CLANG_ENABLE_MODULES = YES;
				CLANG_ENABLE_OBJC_ARC = YES;
				CLANG_ENABLE_OBJC_WEAK = YES;
				CLANG_WARN_BLOCK_CAPTURE_AUTORELEASING = YES;
				CLANG_WARN_BOOL_CONVERSION = YES;
				CLANG_WARN_COMMA = YES;
				CLANG_WARN_CONSTANT_CONVERSION = YES;
				CLANG_WARN_DEPRECATED_OBJC_IMPLEMENTATIONS = YES;
				CLANG_WARN_DIRECT_OBJC_ISA_USAGE = YES_ERROR;
				CLANG_WARN_DOCUMENTATION_COMMENTS = YES;
				CLANG_WARN_EMPTY_BODY = YES;
				CLANG_WARN_ENUM_CONVERSION = YES;
				CLANG_WARN_INFINITE_RECURSION = YES;
				CLANG_WARN_INT_CONVERSION = YES;
				CLANG_WARN_NON_LITERAL_NULL_CONVERSION = YES;
				CLANG_WARN_OBJC_IMPLICIT_RETAIN_SELF = YES;
				CLANG_WARN_OBJC_LITERAL_CONVERSION = YES;
				CLANG_WARN_OBJC_ROOT_CLASS = YES_ERROR;
				CLANG_WARN_QUOTED_INCLUDE_IN_FRAMEWORK_HEADER = YES;
				CLANG_WARN_RANGE_LOOP_ANALYSIS = YES;
				CLANG_WARN_STRICT_PROTOTYPES = YES;
				CLANG_WARN_SUSPICIOUS_MOVE = YES;
				CLANG_WARN_UNGUARDED_AVAILABILITY = YES_AGGRESSIVE;
				CLANG_WARN_UNREACHABLE_CODE = YES;
				CLANG_WARN__DUPLICATE_METHOD_MATCH = YES;
				COPY_PHASE_STRIP = NO;
				DEBUG_INFORMATION_FORMAT = "dwarf-with-dsym";
				ENABLE_NS_ASSERTIONS = NO;
				ENABLE_STRICT_OBJC_MSGSEND = YES;
				ENABLE_USER_SCRIPT_SANDBOXING = YES;
				GCC_C_LANGUAGE_STANDARD = gnu17;
				GCC_NO_COMMON_BLOCKS = YES;
				GCC_WARN_64_TO_32_BIT_CONVERSION = YES;
				GCC_WARN_ABOUT_RETURN_TYPE = YES_ERROR;
				GCC_WARN_UNDECLARED_SELECTOR = YES;
				GCC_WARN_UNINITIALIZED_AUTOS = YES_AGGRESSIVE;
				GCC_WARN_UNUSED_FUNCTION = YES;
				GCC_WARN_UNUSED_VARIABLE = YES;
				IPHONEOS_DEPLOYMENT_TARGET = 14.0;
				LOCALIZATION_PREFERS_STRING_CATALOGS = YES;
				MTL_ENABLE_DEBUG_INFO = NO;
				MTL_FAST_MATH = YES;
				SDKROOT = iphoneos;
				SWIFT_COMPILATION_MODE = wholemodule;
				VALIDATE_PRODUCT = YES;
			};
			name = Release;
		};
		33BA37A02BF815A100FF530A /* Debug */ = {
			isa = XCBuildConfiguration;
			buildSettings = {
				ASSETCATALOG_COMPILER_APPICON_NAME = AppIcon;
				ASSETCATALOG_COMPILER_GLOBAL_ACCENT_COLOR_NAME = AccentColor;
				CLANG_ENABLE_MODULES = YES;
				CODE_SIGN_IDENTITY = "Apple Development";
				CODE_SIGN_STYLE = Automatic;
				CURRENT_PROJECT_VERSION = 1;
				DEVELOPMENT_TEAM = 577Q6MMX9D;
				GENERATE_INFOPLIST_FILE = YES;
				INFOPLIST_FILE = feather/Info.plist;
				INFOPLIST_KEY_CFBundleDisplayName = Feather;
				INFOPLIST_KEY_UIApplicationSupportsIndirectInputEvents = YES;
				INFOPLIST_KEY_UILaunchStoryboardName = LaunchScreen.storyboard;
				INFOPLIST_KEY_UIStatusBarStyle = "";
				INFOPLIST_KEY_UISupportedInterfaceOrientations = UIInterfaceOrientationPortrait;
				INFOPLIST_KEY_UISupportedInterfaceOrientations_iPad = "UIInterfaceOrientationLandscapeLeft UIInterfaceOrientationLandscapeRight UIInterfaceOrientationPortrait UIInterfaceOrientationPortraitUpsideDown";
				INFOPLIST_KEY_UISupportsDocumentBrowser = YES;
				LD_RUNPATH_SEARCH_PATHS = (
					"$(inherited)",
					"@executable_path/Frameworks",
				);
				MARKETING_VERSION = 1.0;
				PRODUCT_BUNDLE_IDENTIFIER = kh.crysalis.feather;
				PRODUCT_NAME = "$(TARGET_NAME)";
				PROVISIONING_PROFILE_SPECIFIER = "";
				SUPPORTED_PLATFORMS = "iphoneos iphonesimulator";
				SUPPORTS_MACCATALYST = NO;
				SUPPORTS_MAC_DESIGNED_FOR_IPHONE_IPAD = NO;
				SWIFT_EMIT_LOC_STRINGS = YES;
				SWIFT_OBJC_BRIDGING_HEADER = "feather/Signing/feather-Bridging-Header.h";
				SWIFT_OPTIMIZATION_LEVEL = "-Onone";
				SWIFT_VERSION = 5.0;
				TARGETED_DEVICE_FAMILY = "1,2";
			};
			name = Debug;
		};
		33BA37A12BF815A100FF530A /* Release */ = {
			isa = XCBuildConfiguration;
			buildSettings = {
				ASSETCATALOG_COMPILER_APPICON_NAME = AppIcon;
				ASSETCATALOG_COMPILER_GLOBAL_ACCENT_COLOR_NAME = AccentColor;
				CLANG_ENABLE_MODULES = YES;
				CODE_SIGN_IDENTITY = "Apple Development";
				CODE_SIGN_STYLE = Automatic;
				CURRENT_PROJECT_VERSION = 1;
				DEVELOPMENT_TEAM = 577Q6MMX9D;
				GENERATE_INFOPLIST_FILE = YES;
				INFOPLIST_FILE = feather/Info.plist;
				INFOPLIST_KEY_CFBundleDisplayName = Feather;
				INFOPLIST_KEY_UIApplicationSupportsIndirectInputEvents = YES;
				INFOPLIST_KEY_UILaunchStoryboardName = LaunchScreen.storyboard;
				INFOPLIST_KEY_UIStatusBarStyle = "";
				INFOPLIST_KEY_UISupportedInterfaceOrientations = UIInterfaceOrientationPortrait;
				INFOPLIST_KEY_UISupportedInterfaceOrientations_iPad = "UIInterfaceOrientationLandscapeLeft UIInterfaceOrientationLandscapeRight UIInterfaceOrientationPortrait UIInterfaceOrientationPortraitUpsideDown";
				INFOPLIST_KEY_UISupportsDocumentBrowser = YES;
				LD_RUNPATH_SEARCH_PATHS = (
					"$(inherited)",
					"@executable_path/Frameworks",
				);
				MARKETING_VERSION = 1.0;
				PRODUCT_BUNDLE_IDENTIFIER = kh.crysalis.feather;
				PRODUCT_NAME = "$(TARGET_NAME)";
				PROVISIONING_PROFILE_SPECIFIER = "";
				SUPPORTED_PLATFORMS = "iphoneos iphonesimulator";
				SUPPORTS_MACCATALYST = NO;
				SUPPORTS_MAC_DESIGNED_FOR_IPHONE_IPAD = NO;
				SWIFT_EMIT_LOC_STRINGS = YES;
				SWIFT_OBJC_BRIDGING_HEADER = "feather/Signing/feather-Bridging-Header.h";
				SWIFT_VERSION = 5.0;
				TARGETED_DEVICE_FAMILY = "1,2";
			};
			name = Release;
		};
/* End XCBuildConfiguration section */

/* Begin XCConfigurationList section */
		33BA37862BF8159F00FF530A /* Build configuration list for PBXProject "feather" */ = {
			isa = XCConfigurationList;
			buildConfigurations = (
				33BA379D2BF815A100FF530A /* Debug */,
				33BA379E2BF815A100FF530A /* Release */,
			);
			defaultConfigurationIsVisible = 0;
			defaultConfigurationName = Release;
		};
		33BA379F2BF815A100FF530A /* Build configuration list for PBXNativeTarget "feather" */ = {
			isa = XCConfigurationList;
			buildConfigurations = (
				33BA37A02BF815A100FF530A /* Debug */,
				33BA37A12BF815A100FF530A /* Release */,
			);
			defaultConfigurationIsVisible = 0;
			defaultConfigurationName = Release;
		};
/* End XCConfigurationList section */

/* Begin XCRemoteSwiftPackageReference section */
		3322FF4D2BFEE5B9001768D8 /* XCRemoteSwiftPackageReference "Nuke" */ = {
			isa = XCRemoteSwiftPackageReference;
			repositoryURL = "https://github.com/kean/Nuke";
			requirement = {
				kind = upToNextMajorVersion;
				minimumVersion = 12.7.0;
			};
		};
		336EEE7F2C32367C0011188D /* XCRemoteSwiftPackageReference "ZIPFoundation" */ = {
			isa = XCRemoteSwiftPackageReference;
			repositoryURL = "https://github.com/weichsel/ZIPFoundation";
			requirement = {
				kind = upToNextMajorVersion;
				minimumVersion = 0.9.19;
			};
		};
		33C0409C2C30DD3E00243D90 /* XCRemoteSwiftPackageReference "AlertKit" */ = {
			isa = XCRemoteSwiftPackageReference;
			repositoryURL = "https://github.com/sparrowcode/AlertKit";
			requirement = {
				kind = upToNextMajorVersion;
				minimumVersion = 5.1.9;
			};
		};
		33DF8D752C0827E400D6C05F /* XCRemoteSwiftPackageReference "swift-markdown" */ = {
			isa = XCRemoteSwiftPackageReference;
			repositoryURL = "https://github.com/apple/swift-markdown";
			requirement = {
				kind = upToNextMajorVersion;
				minimumVersion = 0.3.0;
			};
		};
		33DF8D842C082FBF00D6C05F /* XCRemoteSwiftPackageReference "swift-cmark" */ = {
			isa = XCRemoteSwiftPackageReference;
			repositoryURL = "https://github.com/apple/swift-cmark";
			requirement = {
				kind = upToNextMajorVersion;
				minimumVersion = 0.3.0;
			};
		};
		D0651C0A2BFEE46400D40829 /* XCRemoteSwiftPackageReference "Http.swift" */ = {
			isa = XCRemoteSwiftPackageReference;
			repositoryURL = "https://github.com/BiAtoms/Http.swift.git";
			requirement = {
				kind = upToNextMajorVersion;
				minimumVersion = 2.2.1;
			};
		};
		D0AA9D522BFF02AF00A65D45 /* XCRemoteSwiftPackageReference "OpenSSL-Swift-Package" */ = {
			isa = XCRemoteSwiftPackageReference;
			repositoryURL = "https://github.com/HAHALOSAH/OpenSSL-Swift-Package";
			requirement = {
				branch = main;
				kind = branch;
			};
		};
/* End XCRemoteSwiftPackageReference section */

/* Begin XCSwiftPackageProductDependency section */
		3322FF4E2BFEE5B9001768D8 /* Nuke */ = {
			isa = XCSwiftPackageProductDependency;
			package = 3322FF4D2BFEE5B9001768D8 /* XCRemoteSwiftPackageReference "Nuke" */;
			productName = Nuke;
		};
		3322FF502BFEE5B9001768D8 /* NukeExtensions */ = {
			isa = XCSwiftPackageProductDependency;
			package = 3322FF4D2BFEE5B9001768D8 /* XCRemoteSwiftPackageReference "Nuke" */;
			productName = NukeExtensions;
		};
		3322FF522BFEE5B9001768D8 /* NukeUI */ = {
			isa = XCSwiftPackageProductDependency;
			package = 3322FF4D2BFEE5B9001768D8 /* XCRemoteSwiftPackageReference "Nuke" */;
			productName = NukeUI;
		};
		3322FF542BFEE5B9001768D8 /* NukeVideo */ = {
			isa = XCSwiftPackageProductDependency;
			package = 3322FF4D2BFEE5B9001768D8 /* XCRemoteSwiftPackageReference "Nuke" */;
			productName = NukeVideo;
		};
		336EEE802C32367C0011188D /* ZIPFoundation */ = {
			isa = XCSwiftPackageProductDependency;
			package = 336EEE7F2C32367C0011188D /* XCRemoteSwiftPackageReference "ZIPFoundation" */;
			productName = ZIPFoundation;
		};
		33C0409D2C30DD3E00243D90 /* AlertKit */ = {
			isa = XCSwiftPackageProductDependency;
			package = 33C0409C2C30DD3E00243D90 /* XCRemoteSwiftPackageReference "AlertKit" */;
			productName = AlertKit;
		};
		33DF8D762C0827E400D6C05F /* Markdown */ = {
			isa = XCSwiftPackageProductDependency;
			package = 33DF8D752C0827E400D6C05F /* XCRemoteSwiftPackageReference "swift-markdown" */;
			productName = Markdown;
		};
		33DF8D852C082FBF00D6C05F /* cmark-gfm */ = {
			isa = XCSwiftPackageProductDependency;
			package = 33DF8D842C082FBF00D6C05F /* XCRemoteSwiftPackageReference "swift-cmark" */;
			productName = "cmark-gfm";
		};
		33DF8D872C082FBF00D6C05F /* cmark-gfm-extensions */ = {
			isa = XCSwiftPackageProductDependency;
			package = 33DF8D842C082FBF00D6C05F /* XCRemoteSwiftPackageReference "swift-cmark" */;
			productName = "cmark-gfm-extensions";
		};
		33DF8D892C082FBF00D6C05F /* cmark-gfm-bin */ = {
			isa = XCSwiftPackageProductDependency;
			package = 33DF8D842C082FBF00D6C05F /* XCRemoteSwiftPackageReference "swift-cmark" */;
			productName = "cmark-gfm-bin";
		};
		D0651C0B2BFEE46400D40829 /* HttpSwift */ = {
			isa = XCSwiftPackageProductDependency;
			package = D0651C0A2BFEE46400D40829 /* XCRemoteSwiftPackageReference "Http.swift" */;
			productName = HttpSwift;
		};
		D0AA9D532BFF02AF00A65D45 /* OpenSSL */ = {
			isa = XCSwiftPackageProductDependency;
			package = D0AA9D522BFF02AF00A65D45 /* XCRemoteSwiftPackageReference "OpenSSL-Swift-Package" */;
			productName = OpenSSL;
		};
/* End XCSwiftPackageProductDependency section */

/* Begin XCVersionGroup section */
		332AE3BE2C097F180052F24A /* Feather.xcdatamodeld */ = {
			isa = XCVersionGroup;
			children = (
				332AE3BF2C097F180052F24A /* Feather.xcdatamodel */,
			);
			currentVersion = 332AE3BF2C097F180052F24A /* Feather.xcdatamodel */;
			path = Feather.xcdatamodeld;
			sourceTree = "<group>";
			versionGroupType = wrapper.xcdatamodel;
		};
/* End XCVersionGroup section */
	};
	rootObject = 33BA37832BF8159F00FF530A /* Project object */;
}
