// !$*UTF8*$!
{
	archiveVersion = 1;
	classes = {
	};
	objectVersion = 73;
	objects = {

/* Begin PBXBuildFile section */
		331616952C78D55100894427 /* Asspp.md in Resources */ = {isa = PBXBuildFile; fileRef = 331616942C78D55100894427 /* Asspp.md */; };
		3322FF4F2BFEE5B9001768D8 /* Nuke in Frameworks */ = {isa = PBXBuildFile; productRef = 3322FF4E2BFEE5B9001768D8 /* Nuke */; };
		3322FF512BFEE5B9001768D8 /* NukeExtensions in Frameworks */ = {isa = PBXBuildFile; productRef = 3322FF502BFEE5B9001768D8 /* NukeExtensions */; };
		3322FF532BFEE5B9001768D8 /* NukeUI in Frameworks */ = {isa = PBXBuildFile; productRef = 3322FF522BFEE5B9001768D8 /* NukeUI */; };
		3322FF552BFEE5B9001768D8 /* NukeVideo in Frameworks */ = {isa = PBXBuildFile; productRef = 3322FF542BFEE5B9001768D8 /* NukeVideo */; };
		336EEE812C32367C0011188D /* ZIPFoundation in Frameworks */ = {isa = PBXBuildFile; productRef = 336EEE802C32367C0011188D /* ZIPFoundation */; };
		33BDD0A02C76D06900AF6169 /* UIOnboarding.md in Resources */ = {isa = PBXBuildFile; fileRef = 33BDD09F2C76D06900AF6169 /* UIOnboarding.md */; };
		33BDD0A22C76D0FB00AF6169 /* Ellekit.md in Resources */ = {isa = PBXBuildFile; fileRef = 33BDD0A12C76D0FB00AF6169 /* Ellekit.md */; };
		33BDD0A62C76EA4200AF6169 /* UIOnboarding in Frameworks */ = {isa = PBXBuildFile; productRef = 33BDD0A52C76EA4200AF6169 /* UIOnboarding */; };
		33BDD0C02C7866FE00AF6169 /* Vapor in Frameworks */ = {isa = PBXBuildFile; productRef = 33BDD0BF2C7866FE00AF6169 /* Vapor */; };
		33BE87A52C72E1220044D245 /* SWCompression in Frameworks */ = {isa = PBXBuildFile; productRef = 33BE87A42C72E1220044D245 /* SWCompression */; };
		33BE87A72C72F5720044D245 /* SWCompression.md in Resources */ = {isa = PBXBuildFile; fileRef = 33BE87A62C72F5720044D245 /* SWCompression.md */; };
		33BF31672C7C05840087F3D2 /* Foundation.swift in Sources */ = {isa = PBXBuildFile; fileRef = 33BF31662C7C05840087F3D2 /* Foundation.swift */; };
		33C0409E2C30DD3E00243D90 /* AlertKit in Frameworks */ = {isa = PBXBuildFile; productRef = 33C0409D2C30DD3E00243D90 /* AlertKit */; };
		33DF8D7D2C0828CF00D6C05F /* Zsign.md in Resources */ = {isa = PBXBuildFile; fileRef = 33DF8D7C2C0828CF00D6C05F /* Zsign.md */; };
		33DF8D7F2C0828FB00D6C05F /* Nuke.md in Resources */ = {isa = PBXBuildFile; fileRef = 33DF8D7E2C0828FB00D6C05F /* Nuke.md */; };
		33DF8D812C08290F00D6C05F /* HttpSwift_RequestSwift_SocketSwift.md in Resources */ = {isa = PBXBuildFile; fileRef = 33DF8D802C08290F00D6C05F /* HttpSwift_RequestSwift_SocketSwift.md */; };
		33E5A59B2CC858FE00532930 /* Language.swift in Sources */ = {isa = PBXBuildFile; fileRef = 33E5A59A2CC858FE00532930 /* Language.swift */; };
		33E5A59D2CC859E400532930 /* Localizable.strings in Resources */ = {isa = PBXBuildFile; fileRef = 33BF31642C7C05330087F3D2 /* Localizable.strings */; };
		33E5A5A02CC85C1B00532930 /* Antoine.md in Resources */ = {isa = PBXBuildFile; fileRef = 33E5A59F2CC85C1B00532930 /* Antoine.md */; };
		AA280D952C76AB7400CAC838 /* MobileCoreServices.framework in Frameworks */ = {isa = PBXBuildFile; fileRef = AA280D942C76AB7400CAC838 /* MobileCoreServices.framework */; };
		D0AA9D542BFF02AF00A65D45 /* OpenSSL in Frameworks */ = {isa = PBXBuildFile; productRef = D0AA9D532BFF02AF00A65D45 /* OpenSSL */; };
/* End PBXBuildFile section */

/* Begin PBXFileReference section */
		331616942C78D55100894427 /* Asspp.md */ = {isa = PBXFileReference; fileEncoding = 4; lastKnownFileType = net.daringfireball.markdown; path = Asspp.md; sourceTree = "<group>"; };
		338B0F0C2D0C0E8200C5EA11 /* ru */ = {isa = PBXFileReference; lastKnownFileType = text.plist.strings; name = ru; path = ru.lproj/Localizable.strings; sourceTree = "<group>"; };
		33BA378B2BF8159F00FF530A /* feather.app */ = {isa = PBXFileReference; explicitFileType = wrapper.application; includeInIndex = 0; path = feather.app; sourceTree = BUILT_PRODUCTS_DIR; };
		33BDD09F2C76D06900AF6169 /* UIOnboarding.md */ = {isa = PBXFileReference; fileEncoding = 4; lastKnownFileType = net.daringfireball.markdown; path = UIOnboarding.md; sourceTree = "<group>"; };
		33BDD0A12C76D0FB00AF6169 /* Ellekit.md */ = {isa = PBXFileReference; fileEncoding = 4; lastKnownFileType = net.daringfireball.markdown; path = Ellekit.md; sourceTree = "<group>"; };
		33BE87A62C72F5720044D245 /* SWCompression.md */ = {isa = PBXFileReference; fileEncoding = 4; lastKnownFileType = net.daringfireball.markdown; path = SWCompression.md; sourceTree = "<group>"; };
		33BF31632C7C05330087F3D2 /* en */ = {isa = PBXFileReference; lastKnownFileType = text.plist.strings; name = en; path = en.lproj/Localizable.strings; sourceTree = "<group>"; };
		33BF31662C7C05840087F3D2 /* Foundation.swift */ = {isa = PBXFileReference; lastKnownFileType = sourcecode.swift; path = Foundation.swift; sourceTree = "<group>"; };
		33BF316A2C7C46650087F3D2 /* de */ = {isa = PBXFileReference; lastKnownFileType = text.plist.strings; name = de; path = de.lproj/Localizable.strings; sourceTree = "<group>"; };
		33BF316B2C7C466B0087F3D2 /* es */ = {isa = PBXFileReference; lastKnownFileType = text.plist.strings; name = es; path = es.lproj/Localizable.strings; sourceTree = "<group>"; };
		33DF8D7C2C0828CF00D6C05F /* Zsign.md */ = {isa = PBXFileReference; fileEncoding = 4; lastKnownFileType = net.daringfireball.markdown; path = Zsign.md; sourceTree = "<group>"; };
		33DF8D7E2C0828FB00D6C05F /* Nuke.md */ = {isa = PBXFileReference; fileEncoding = 4; lastKnownFileType = net.daringfireball.markdown; path = Nuke.md; sourceTree = "<group>"; };
		33DF8D802C08290F00D6C05F /* HttpSwift_RequestSwift_SocketSwift.md */ = {isa = PBXFileReference; fileEncoding = 4; lastKnownFileType = net.daringfireball.markdown; path = HttpSwift_RequestSwift_SocketSwift.md; sourceTree = "<group>"; };
		33E5A59A2CC858FE00532930 /* Language.swift */ = {isa = PBXFileReference; lastKnownFileType = sourcecode.swift; path = Language.swift; sourceTree = "<group>"; };
		33E5A59F2CC85C1B00532930 /* Antoine.md */ = {isa = PBXFileReference; fileEncoding = 4; lastKnownFileType = net.daringfireball.markdown; path = Antoine.md; sourceTree = "<group>"; };
		5AF393042CFAE1B7001FAF86 /* zh */ = {isa = PBXFileReference; lastKnownFileType = text.plist.strings; name = zh; path = zh.lproj/Localizable.strings; sourceTree = "<group>"; };
		88DE4CC52CA5A13200D68F1E /* fr */ = {isa = PBXFileReference; lastKnownFileType = text.plist.strings; name = fr; path = fr.lproj/Localizable.strings; sourceTree = "<group>"; };
		AA280D942C76AB7400CAC838 /* MobileCoreServices.framework */ = {isa = PBXFileReference; lastKnownFileType = wrapper.framework; name = MobileCoreServices.framework; path = System/Library/Frameworks/MobileCoreServices.framework; sourceTree = SDKROOT; };
/* End PBXFileReference section */

/* Begin PBXFileSystemSynchronizedBuildFileExceptionSet section */
		3382319E2D7A77CA00999AD3 /* PBXFileSystemSynchronizedBuildFileExceptionSet */ = {
			isa = PBXFileSystemSynchronizedBuildFileExceptionSet;
			membershipExceptions = (
				Info.plist,
			);
			target = 33BA378A2BF8159F00FF530A /* feather */;
		};
		338232182D7A77E800999AD3 /* PBXFileSystemSynchronizedBuildFileExceptionSet */ = {
			isa = PBXFileSystemSynchronizedBuildFileExceptionSet;
			membershipExceptions = (
				ellekit.deb,
			);
			target = 33BA378A2BF8159F00FF530A /* feather */;
		};
/* End PBXFileSystemSynchronizedBuildFileExceptionSet section */

/* Begin PBXFileSystemSynchronizedGroupBuildPhaseMembershipExceptionSet section */
		338232192D7A77E800999AD3 /* PBXFileSystemSynchronizedGroupBuildPhaseMembershipExceptionSet */ = {
			isa = PBXFileSystemSynchronizedGroupBuildPhaseMembershipExceptionSet;
			buildPhase = 33BA37892BF8159F00FF530A /* Resources */;
			membershipExceptions = (
				ellekit.deb,
			);
		};
/* End PBXFileSystemSynchronizedGroupBuildPhaseMembershipExceptionSet section */

/* Begin PBXFileSystemSynchronizedRootGroup section */
		338231502D7A77CA00999AD3 /* iOS */ = {isa = PBXFileSystemSynchronizedRootGroup; exceptions = (3382319E2D7A77CA00999AD3 /* PBXFileSystemSynchronizedBuildFileExceptionSet */, ); explicitFileTypes = {}; explicitFolders = (); path = iOS; sourceTree = "<group>"; };
		338231AE2D7A77E700999AD3 /* Data */ = {isa = PBXFileSystemSynchronizedRootGroup; explicitFileTypes = {}; explicitFolders = (); path = Data; sourceTree = "<group>"; };
		338231C12D7A77E700999AD3 /* Management */ = {isa = PBXFileSystemSynchronizedRootGroup; explicitFileTypes = {}; explicitFolders = (); path = Management; sourceTree = "<group>"; };
		338231CC2D7A77E700999AD3 /* Design */ = {isa = PBXFileSystemSynchronizedRootGroup; explicitFileTypes = {}; explicitFolders = (); path = Design; sourceTree = "<group>"; };
		338231D22D7A77E700999AD3 /* Resources */ = {isa = PBXFileSystemSynchronizedRootGroup; exceptions = (338232182D7A77E800999AD3 /* PBXFileSystemSynchronizedBuildFileExceptionSet */, 338232192D7A77E800999AD3 /* PBXFileSystemSynchronizedGroupBuildPhaseMembershipExceptionSet */, ); explicitFileTypes = {}; explicitFolders = (); path = Resources; sourceTree = "<group>"; };
		338231DB2D7A77E700999AD3 /* Server */ = {isa = PBXFileSystemSynchronizedRootGroup; explicitFileTypes = {}; explicitFolders = (); path = Server; sourceTree = "<group>"; };
		338232032D7A77E700999AD3 /* Magic */ = {isa = PBXFileSystemSynchronizedRootGroup; explicitFileTypes = {}; explicitFolders = (); path = Magic; sourceTree = "<group>"; };
		338232162D7A77E700999AD3 /* Logging */ = {isa = PBXFileSystemSynchronizedRootGroup; explicitFileTypes = {}; explicitFolders = (); path = Logging; sourceTree = "<group>"; };
/* End PBXFileSystemSynchronizedRootGroup section */

/* Begin PBXFrameworksBuildPhase section */
		33BA37882BF8159F00FF530A /* Frameworks */ = {
			isa = PBXFrameworksBuildPhase;
			buildActionMask = 2147483647;
			files = (
				33BDD0C02C7866FE00AF6169 /* Vapor in Frameworks */,
				3322FF4F2BFEE5B9001768D8 /* Nuke in Frameworks */,
				33BE87A52C72E1220044D245 /* SWCompression in Frameworks */,
				AA280D952C76AB7400CAC838 /* MobileCoreServices.framework in Frameworks */,
				3322FF552BFEE5B9001768D8 /* NukeVideo in Frameworks */,
				D0AA9D542BFF02AF00A65D45 /* OpenSSL in Frameworks */,
				3322FF512BFEE5B9001768D8 /* NukeExtensions in Frameworks */,
				33BDD0A62C76EA4200AF6169 /* UIOnboarding in Frameworks */,
				3322FF532BFEE5B9001768D8 /* NukeUI in Frameworks */,
				33C0409E2C30DD3E00243D90 /* AlertKit in Frameworks */,
				336EEE812C32367C0011188D /* ZIPFoundation in Frameworks */,
			);
			runOnlyForDeploymentPostprocessing = 0;
		};
/* End PBXFrameworksBuildPhase section */

/* Begin PBXGroup section */
		339CE2802C584C7C00B58502 /* Shared */ = {
			isa = PBXGroup;
			children = (
				33BF31542C7C033C0087F3D2 /* Localizations */,
				338231CC2D7A77E700999AD3 /* Design */,
				338231AE2D7A77E700999AD3 /* Data */,
				338232162D7A77E700999AD3 /* Logging */,
				338231DB2D7A77E700999AD3 /* Server */,
				338232032D7A77E700999AD3 /* Magic */,
				338231C12D7A77E700999AD3 /* Management */,
				338231D22D7A77E700999AD3 /* Resources */,
				33BE87A62C72F5720044D245 /* SWCompression.md */,
				33DF8D7C2C0828CF00D6C05F /* Zsign.md */,
				33DF8D7E2C0828FB00D6C05F /* Nuke.md */,
				33DF8D802C08290F00D6C05F /* HttpSwift_RequestSwift_SocketSwift.md */,
				33BDD09F2C76D06900AF6169 /* UIOnboarding.md */,
				33BDD0A12C76D0FB00AF6169 /* Ellekit.md */,
				331616942C78D55100894427 /* Asspp.md */,
				33E5A59F2CC85C1B00532930 /* Antoine.md */,
			);
			path = Shared;
			sourceTree = "<group>";
		};
		33BA37822BF8159F00FF530A = {
			isa = PBXGroup;
			children = (
				339CE2802C584C7C00B58502 /* Shared */,
				338231502D7A77CA00999AD3 /* iOS */,
				33BA378C2BF8159F00FF530A /* Products */,
				33BE87902C72DAF90044D245 /* Frameworks */,
				33BDD0992C76BD4700AF6169 /* Recovered References */,
			);
			sourceTree = "<group>";
		};
		33BA378C2BF8159F00FF530A /* Products */ = {
			isa = PBXGroup;
			children = (
				33BA378B2BF8159F00FF530A /* feather.app */,
			);
			name = Products;
			sourceTree = "<group>";
		};
		33BDD0992C76BD4700AF6169 /* Recovered References */ = {
			isa = PBXGroup;
			children = (
				AA280D942C76AB7400CAC838 /* MobileCoreServices.framework */,
			);
			name = "Recovered References";
			sourceTree = "<group>";
		};
		33BE87902C72DAF90044D245 /* Frameworks */ = {
			isa = PBXGroup;
			children = (
			);
			name = Frameworks;
			sourceTree = "<group>";
		};
		33BF31542C7C033C0087F3D2 /* Localizations */ = {
			isa = PBXGroup;
			children = (
				33BF31642C7C05330087F3D2 /* Localizable.strings */,
				33BF31662C7C05840087F3D2 /* Foundation.swift */,
				33E5A59A2CC858FE00532930 /* Language.swift */,
			);
			path = Localizations;
			sourceTree = "<group>";
		};
/* End PBXGroup section */

/* Begin PBXNativeTarget section */
		33BA378A2BF8159F00FF530A /* feather */ = {
			isa = PBXNativeTarget;
			buildConfigurationList = 33BA379F2BF815A100FF530A /* Build configuration list for PBXNativeTarget "feather" */;
			buildPhases = (
				33BA37872BF8159F00FF530A /* Sources */,
				33BA37882BF8159F00FF530A /* Frameworks */,
				33BA37892BF8159F00FF530A /* Resources */,
			);
			buildRules = (
			);
			dependencies = (
			);
			fileSystemSynchronizedGroups = (
				338231502D7A77CA00999AD3 /* iOS */,
				338231AE2D7A77E700999AD3 /* Data */,
				338231C12D7A77E700999AD3 /* Management */,
				338231CC2D7A77E700999AD3 /* Design */,
				338231D22D7A77E700999AD3 /* Resources */,
				338231DB2D7A77E700999AD3 /* Server */,
				338232032D7A77E700999AD3 /* Magic */,
				338232162D7A77E700999AD3 /* Logging */,
			);
			name = feather;
			packageProductDependencies = (
				3322FF4E2BFEE5B9001768D8 /* Nuke */,
				3322FF502BFEE5B9001768D8 /* NukeExtensions */,
				3322FF522BFEE5B9001768D8 /* NukeUI */,
				3322FF542BFEE5B9001768D8 /* NukeVideo */,
				D0AA9D532BFF02AF00A65D45 /* OpenSSL */,
				33C0409D2C30DD3E00243D90 /* AlertKit */,
				336EEE802C32367C0011188D /* ZIPFoundation */,
				33BE87A42C72E1220044D245 /* SWCompression */,
				33BDD0A52C76EA4200AF6169 /* UIOnboarding */,
				33BDD0BF2C7866FE00AF6169 /* Vapor */,
			);
			productName = feather;
			productReference = 33BA378B2BF8159F00FF530A /* feather.app */;
			productType = "com.apple.product-type.application";
		};
/* End PBXNativeTarget section */

/* Begin PBXProject section */
		33BA37832BF8159F00FF530A /* Project object */ = {
			isa = PBXProject;
			attributes = {
				BuildIndependentTargetsInParallel = 1;
				LastSwiftUpdateCheck = 1500;
				LastUpgradeCheck = 1500;
				TargetAttributes = {
					33BA378A2BF8159F00FF530A = {
						CreatedOnToolsVersion = 15.0.1;
						LastSwiftMigration = 1520;
					};
				};
			};
			buildConfigurationList = 33BA37862BF8159F00FF530A /* Build configuration list for PBXProject "feather" */;
			developmentRegion = en;
			hasScannedForEncodings = 0;
			knownRegions = (
				en,
				Base,
				cs,
				de,
				es,
				ko,
				ja,
				ru,
				fr,
				tr,
				zh,
			);
			mainGroup = 33BA37822BF8159F00FF530A;
			packageReferences = (
				3322FF4D2BFEE5B9001768D8 /* XCRemoteSwiftPackageReference "Nuke" */,
				D0AA9D522BFF02AF00A65D45 /* XCRemoteSwiftPackageReference "OpenSSL-Swift-Package" */,
				33C0409C2C30DD3E00243D90 /* XCRemoteSwiftPackageReference "AlertKit" */,
				336EEE7F2C32367C0011188D /* XCRemoteSwiftPackageReference "ZIPFoundation" */,
				33BE87A32C72E1220044D245 /* XCRemoteSwiftPackageReference "SWCompression" */,
				33BDD0A42C76EA4100AF6169 /* XCRemoteSwiftPackageReference "UIOnboarding-18" */,
				33BDD0BE2C7866FE00AF6169 /* XCRemoteSwiftPackageReference "vapor" */,
			);
			preferredProjectObjectVersion = 56;
			productRefGroup = 33BA378C2BF8159F00FF530A /* Products */;
			projectDirPath = "";
			projectRoot = "";
			targets = (
				33BA378A2BF8159F00FF530A /* feather */,
			);
		};
/* End PBXProject section */

/* Begin PBXResourcesBuildPhase section */
		33BA37892BF8159F00FF530A /* Resources */ = {
			isa = PBXResourcesBuildPhase;
			buildActionMask = 2147483647;
			files = (
				33DF8D7D2C0828CF00D6C05F /* Zsign.md in Resources */,
				33E5A5A02CC85C1B00532930 /* Antoine.md in Resources */,
				33DF8D812C08290F00D6C05F /* HttpSwift_RequestSwift_SocketSwift.md in Resources */,
				33DF8D7F2C0828FB00D6C05F /* Nuke.md in Resources */,
				33BE87A72C72F5720044D245 /* SWCompression.md in Resources */,
				33E5A59D2CC859E400532930 /* Localizable.strings in Resources */,
				33BDD0A02C76D06900AF6169 /* UIOnboarding.md in Resources */,
				331616952C78D55100894427 /* Asspp.md in Resources */,
				33BDD0A22C76D0FB00AF6169 /* Ellekit.md in Resources */,
			);
			runOnlyForDeploymentPostprocessing = 0;
		};
/* End PBXResourcesBuildPhase section */

/* Begin PBXSourcesBuildPhase section */
		33BA37872BF8159F00FF530A /* Sources */ = {
			isa = PBXSourcesBuildPhase;
			buildActionMask = 2147483647;
			files = (
				33BF31672C7C05840087F3D2 /* Foundation.swift in Sources */,
				33E5A59B2CC858FE00532930 /* Language.swift in Sources */,
			);
			runOnlyForDeploymentPostprocessing = 0;
		};
/* End PBXSourcesBuildPhase section */

/* Begin PBXVariantGroup section */
		33BF31642C7C05330087F3D2 /* Localizable.strings */ = {
			isa = PBXVariantGroup;
			children = (
				33BF31632C7C05330087F3D2 /* en */,
				33BF316A2C7C46650087F3D2 /* de */,
				33BF316B2C7C466B0087F3D2 /* es */,
				88DE4CC52CA5A13200D68F1E /* fr */,
				5AF393042CFAE1B7001FAF86 /* zh */,
				338B0F0C2D0C0E8200C5EA11 /* ru */,
			);
			name = Localizable.strings;
			sourceTree = "<group>";
		};
/* End PBXVariantGroup section */

/* Begin XCBuildConfiguration section */
		33BA379D2BF815A100FF530A /* Debug */ = {
			isa = XCBuildConfiguration;
			buildSettings = {
				ALWAYS_SEARCH_USER_PATHS = NO;
				ASSETCATALOG_COMPILER_GENERATE_SWIFT_ASSET_SYMBOL_EXTENSIONS = YES;
				CLANG_ANALYZER_LOCALIZABILITY_NONLOCALIZED = YES;
				CLANG_ANALYZER_NONNULL = YES;
				CLANG_ANALYZER_NUMBER_OBJECT_CONVERSION = YES_AGGRESSIVE;
				CLANG_CXX_LANGUAGE_STANDARD = "gnu++20";
				CLANG_ENABLE_MODULES = YES;
				CLANG_ENABLE_OBJC_ARC = YES;
				CLANG_ENABLE_OBJC_WEAK = YES;
				CLANG_WARN_BLOCK_CAPTURE_AUTORELEASING = YES;
				CLANG_WARN_BOOL_CONVERSION = YES;
				CLANG_WARN_COMMA = YES;
				CLANG_WARN_CONSTANT_CONVERSION = YES;
				CLANG_WARN_DEPRECATED_OBJC_IMPLEMENTATIONS = YES;
				CLANG_WARN_DIRECT_OBJC_ISA_USAGE = YES_ERROR;
				CLANG_WARN_DOCUMENTATION_COMMENTS = YES;
				CLANG_WARN_EMPTY_BODY = YES;
				CLANG_WARN_ENUM_CONVERSION = YES;
				CLANG_WARN_INFINITE_RECURSION = YES;
				CLANG_WARN_INT_CONVERSION = YES;
				CLANG_WARN_NON_LITERAL_NULL_CONVERSION = YES;
				CLANG_WARN_OBJC_IMPLICIT_RETAIN_SELF = YES;
				CLANG_WARN_OBJC_LITERAL_CONVERSION = YES;
				CLANG_WARN_OBJC_ROOT_CLASS = YES_ERROR;
				CLANG_WARN_QUOTED_INCLUDE_IN_FRAMEWORK_HEADER = YES;
				CLANG_WARN_RANGE_LOOP_ANALYSIS = YES;
				CLANG_WARN_STRICT_PROTOTYPES = YES;
				CLANG_WARN_SUSPICIOUS_MOVE = YES;
				CLANG_WARN_UNGUARDED_AVAILABILITY = YES_AGGRESSIVE;
				CLANG_WARN_UNREACHABLE_CODE = YES;
				CLANG_WARN__DUPLICATE_METHOD_MATCH = YES;
				COPY_PHASE_STRIP = NO;
				DEBUG_INFORMATION_FORMAT = dwarf;
				ENABLE_STRICT_OBJC_MSGSEND = YES;
				ENABLE_TESTABILITY = YES;
				ENABLE_USER_SCRIPT_SANDBOXING = YES;
				GCC_C_LANGUAGE_STANDARD = gnu17;
				GCC_DYNAMIC_NO_PIC = NO;
				GCC_NO_COMMON_BLOCKS = YES;
				GCC_OPTIMIZATION_LEVEL = 0;
				GCC_PREPROCESSOR_DEFINITIONS = (
					"DEBUG=1",
					"$(inherited)",
				);
				GCC_WARN_64_TO_32_BIT_CONVERSION = YES;
				GCC_WARN_ABOUT_RETURN_TYPE = YES_ERROR;
				GCC_WARN_UNDECLARED_SELECTOR = YES;
				GCC_WARN_UNINITIALIZED_AUTOS = YES_AGGRESSIVE;
				GCC_WARN_UNUSED_FUNCTION = YES;
				GCC_WARN_UNUSED_VARIABLE = YES;
				IPHONEOS_DEPLOYMENT_TARGET = 15.0;
				LOCALIZATION_PREFERS_STRING_CATALOGS = YES;
				MTL_ENABLE_DEBUG_INFO = INCLUDE_SOURCE;
				MTL_FAST_MATH = YES;
				ONLY_ACTIVE_ARCH = YES;
				SDKROOT = iphoneos;
				SWIFT_ACTIVE_COMPILATION_CONDITIONS = "DEBUG $(inherited)";
				SWIFT_OPTIMIZATION_LEVEL = "-Onone";
			};
			name = Debug;
		};
		33BA379E2BF815A100FF530A /* Release */ = {
			isa = XCBuildConfiguration;
			buildSettings = {
				ALWAYS_SEARCH_USER_PATHS = NO;
				ASSETCATALOG_COMPILER_GENERATE_SWIFT_ASSET_SYMBOL_EXTENSIONS = YES;
				CLANG_ANALYZER_LOCALIZABILITY_NONLOCALIZED = YES;
				CLANG_ANALYZER_NONNULL = YES;
				CLANG_ANALYZER_NUMBER_OBJECT_CONVERSION = YES_AGGRESSIVE;
				CLANG_CXX_LANGUAGE_STANDARD = "gnu++20";
				CLANG_ENABLE_MODULES = YES;
				CLANG_ENABLE_OBJC_ARC = YES;
				CLANG_ENABLE_OBJC_WEAK = YES;
				CLANG_WARN_BLOCK_CAPTURE_AUTORELEASING = YES;
				CLANG_WARN_BOOL_CONVERSION = YES;
				CLANG_WARN_COMMA = YES;
				CLANG_WARN_CONSTANT_CONVERSION = YES;
				CLANG_WARN_DEPRECATED_OBJC_IMPLEMENTATIONS = YES;
				CLANG_WARN_DIRECT_OBJC_ISA_USAGE = YES_ERROR;
				CLANG_WARN_DOCUMENTATION_COMMENTS = YES;
				CLANG_WARN_EMPTY_BODY = YES;
				CLANG_WARN_ENUM_CONVERSION = YES;
				CLANG_WARN_INFINITE_RECURSION = YES;
				CLANG_WARN_INT_CONVERSION = YES;
				CLANG_WARN_NON_LITERAL_NULL_CONVERSION = YES;
				CLANG_WARN_OBJC_IMPLICIT_RETAIN_SELF = YES;
				CLANG_WARN_OBJC_LITERAL_CONVERSION = YES;
				CLANG_WARN_OBJC_ROOT_CLASS = YES_ERROR;
				CLANG_WARN_QUOTED_INCLUDE_IN_FRAMEWORK_HEADER = YES;
				CLANG_WARN_RANGE_LOOP_ANALYSIS = YES;
				CLANG_WARN_STRICT_PROTOTYPES = YES;
				CLANG_WARN_SUSPICIOUS_MOVE = YES;
				CLANG_WARN_UNGUARDED_AVAILABILITY = YES_AGGRESSIVE;
				CLANG_WARN_UNREACHABLE_CODE = YES;
				CLANG_WARN__DUPLICATE_METHOD_MATCH = YES;
				COPY_PHASE_STRIP = NO;
				DEBUG_INFORMATION_FORMAT = "dwarf-with-dsym";
				ENABLE_NS_ASSERTIONS = NO;
				ENABLE_STRICT_OBJC_MSGSEND = YES;
				ENABLE_USER_SCRIPT_SANDBOXING = YES;
				GCC_C_LANGUAGE_STANDARD = gnu17;
				GCC_NO_COMMON_BLOCKS = YES;
				GCC_WARN_64_TO_32_BIT_CONVERSION = YES;
				GCC_WARN_ABOUT_RETURN_TYPE = YES_ERROR;
				GCC_WARN_UNDECLARED_SELECTOR = YES;
				GCC_WARN_UNINITIALIZED_AUTOS = YES_AGGRESSIVE;
				GCC_WARN_UNUSED_FUNCTION = YES;
				GCC_WARN_UNUSED_VARIABLE = YES;
				IPHONEOS_DEPLOYMENT_TARGET = 15.0;
				LOCALIZATION_PREFERS_STRING_CATALOGS = YES;
				MTL_ENABLE_DEBUG_INFO = NO;
				MTL_FAST_MATH = YES;
				SDKROOT = iphoneos;
				SWIFT_COMPILATION_MODE = wholemodule;
				VALIDATE_PRODUCT = YES;
			};
			name = Release;
		};
		33BA37A02BF815A100FF530A /* Debug */ = {
			isa = XCBuildConfiguration;
			buildSettings = {
				ASSETCATALOG_COMPILER_APPICON_NAME = AppIcon;
				ASSETCATALOG_COMPILER_GLOBAL_ACCENT_COLOR_NAME = AccentColor;
				CLANG_ENABLE_MODULES = YES;
				CODE_SIGN_IDENTITY = "Apple Development";
				CODE_SIGN_STYLE = Automatic;
				CURRENT_PROJECT_VERSION = 5;
				DEVELOPMENT_TEAM = "";
				GENERATE_INFOPLIST_FILE = YES;
				INFOPLIST_FILE = iOS/Info.plist;
				INFOPLIST_KEY_CFBundleDisplayName = Feather;
				INFOPLIST_KEY_LSApplicationCategoryType = "public.app-category.utilities";
				INFOPLIST_KEY_NSHumanReadableCopyright = "Copyright (c) 2024 Samara M (khcrysalis)";
				INFOPLIST_KEY_UIApplicationSupportsIndirectInputEvents = YES;
				INFOPLIST_KEY_UILaunchStoryboardName = LaunchScreen.storyboard;
				INFOPLIST_KEY_UIStatusBarStyle = "";
				INFOPLIST_KEY_UISupportedInterfaceOrientations = UIInterfaceOrientationPortrait;
				INFOPLIST_KEY_UISupportedInterfaceOrientations_iPad = "UIInterfaceOrientationLandscapeLeft UIInterfaceOrientationLandscapeRight UIInterfaceOrientationPortrait UIInterfaceOrientationPortraitUpsideDown";
				INFOPLIST_KEY_UISupportsDocumentBrowser = YES;
				IPHONEOS_DEPLOYMENT_TARGET = 15.0;
				LD_RUNPATH_SEARCH_PATHS = (
					"$(inherited)",
					"@executable_path/Frameworks",
				);
				LIBRARY_SEARCH_PATHS = (
					"$(inherited)",
					"$(PROJECT_DIR)/Shared/Magic",
					"$(PROJECT_DIR)/Shared/Resources",
				);
				MARKETING_VERSION = 1.4.0;
				"OTHER_CPLUSPLUSFLAGS[arch=*]" = (
					"$(OTHER_CFLAGS)",
					"-w",
					"-Wno-everything",
				);
				PRODUCT_BUNDLE_IDENTIFIER = kh.crysalis.feather;
				PRODUCT_NAME = "$(TARGET_NAME)";
				PROVISIONING_PROFILE_SPECIFIER = "";
				SUPPORTED_PLATFORMS = "iphoneos iphonesimulator";
				SUPPORTS_MACCATALYST = NO;
				SUPPORTS_MAC_DESIGNED_FOR_IPHONE_IPAD = YES;
				SWIFT_ACTIVE_COMPILATION_CONDITIONS = "";
				"SWIFT_ACTIVE_COMPILATION_CONDITIONS[arch=*]" = "";
				SWIFT_EMIT_LOC_STRINGS = YES;
				SWIFT_OBJC_BRIDGING_HEADER = "Shared/Magic/feather-Bridging-Header.h";
				SWIFT_OPTIMIZATION_LEVEL = "-Onone";
				SWIFT_VERSION = 5.0;
				TARGETED_DEVICE_FAMILY = "1,2";
			};
			name = Debug;
		};
		33BA37A12BF815A100FF530A /* Release */ = {
			isa = XCBuildConfiguration;
			buildSettings = {
				ASSETCATALOG_COMPILER_APPICON_NAME = AppIcon;
				ASSETCATALOG_COMPILER_GLOBAL_ACCENT_COLOR_NAME = AccentColor;
				CLANG_ENABLE_MODULES = YES;
				CODE_SIGN_IDENTITY = "Apple Development";
				CODE_SIGN_STYLE = Automatic;
				CURRENT_PROJECT_VERSION = 5;
				DEVELOPMENT_TEAM = "";
				GENERATE_INFOPLIST_FILE = YES;
				INFOPLIST_FILE = iOS/Info.plist;
				INFOPLIST_KEY_CFBundleDisplayName = Feather;
				INFOPLIST_KEY_LSApplicationCategoryType = "public.app-category.utilities";
				INFOPLIST_KEY_NSHumanReadableCopyright = "Copyright (c) 2024 Samara M (khcrysalis)";
				INFOPLIST_KEY_UIApplicationSupportsIndirectInputEvents = YES;
				INFOPLIST_KEY_UILaunchStoryboardName = LaunchScreen.storyboard;
				INFOPLIST_KEY_UIStatusBarStyle = "";
				INFOPLIST_KEY_UISupportedInterfaceOrientations = UIInterfaceOrientationPortrait;
				INFOPLIST_KEY_UISupportedInterfaceOrientations_iPad = "UIInterfaceOrientationLandscapeLeft UIInterfaceOrientationLandscapeRight UIInterfaceOrientationPortrait UIInterfaceOrientationPortraitUpsideDown";
				INFOPLIST_KEY_UISupportsDocumentBrowser = YES;
				IPHONEOS_DEPLOYMENT_TARGET = 15.0;
				LD_RUNPATH_SEARCH_PATHS = (
					"$(inherited)",
					"@executable_path/Frameworks",
				);
				LIBRARY_SEARCH_PATHS = (
					"$(inherited)",
					"$(PROJECT_DIR)/Shared/Magic",
					"$(PROJECT_DIR)/Shared/Resources",
				);
				MARKETING_VERSION = 1.4.0;
				"OTHER_CPLUSPLUSFLAGS[arch=*]" = (
					"$(OTHER_CFLAGS)",
					"-w",
					"-Wno-everything",
				);
				PRODUCT_BUNDLE_IDENTIFIER = kh.crysalis.feather;
				PRODUCT_NAME = "$(TARGET_NAME)";
				PROVISIONING_PROFILE_SPECIFIER = "";
				SUPPORTED_PLATFORMS = "iphoneos iphonesimulator";
				SUPPORTS_MACCATALYST = NO;
				SUPPORTS_MAC_DESIGNED_FOR_IPHONE_IPAD = YES;
				SWIFT_ACTIVE_COMPILATION_CONDITIONS = "";
				SWIFT_EMIT_LOC_STRINGS = YES;
				SWIFT_OBJC_BRIDGING_HEADER = "Shared/Magic/feather-Bridging-Header.h";
				SWIFT_VERSION = 5.0;
				TARGETED_DEVICE_FAMILY = "1,2";
			};
			name = Release;
		};
/* End XCBuildConfiguration section */

/* Begin XCConfigurationList section */
		33BA37862BF8159F00FF530A /* Build configuration list for PBXProject "feather" */ = {
			isa = XCConfigurationList;
			buildConfigurations = (
				33BA379D2BF815A100FF530A /* Debug */,
				33BA379E2BF815A100FF530A /* Release */,
			);
			defaultConfigurationIsVisible = 0;
			defaultConfigurationName = Release;
		};
		33BA379F2BF815A100FF530A /* Build configuration list for PBXNativeTarget "feather" */ = {
			isa = XCConfigurationList;
			buildConfigurations = (
				33BA37A02BF815A100FF530A /* Debug */,
				33BA37A12BF815A100FF530A /* Release */,
			);
			defaultConfigurationIsVisible = 0;
			defaultConfigurationName = Release;
		};
/* End XCConfigurationList section */

/* Begin XCRemoteSwiftPackageReference section */
		3322FF4D2BFEE5B9001768D8 /* XCRemoteSwiftPackageReference "Nuke" */ = {
			isa = XCRemoteSwiftPackageReference;
			repositoryURL = "https://github.com/kean/Nuke";
			requirement = {
				kind = upToNextMajorVersion;
				minimumVersion = 12.7.0;
			};
		};
		336EEE7F2C32367C0011188D /* XCRemoteSwiftPackageReference "ZIPFoundation" */ = {
			isa = XCRemoteSwiftPackageReference;
			repositoryURL = "https://github.com/weichsel/ZIPFoundation";
			requirement = {
				kind = upToNextMajorVersion;
				minimumVersion = 0.9.19;
			};
		};
		33BDD0A42C76EA4100AF6169 /* XCRemoteSwiftPackageReference "UIOnboarding-18" */ = {
			isa = XCRemoteSwiftPackageReference;
			repositoryURL = "https://github.com/khcrysalis/UIOnboarding-18";
			requirement = {
				branch = main;
				kind = branch;
			};
		};
		33BDD0BE2C7866FE00AF6169 /* XCRemoteSwiftPackageReference "vapor" */ = {
			isa = XCRemoteSwiftPackageReference;
			repositoryURL = "https://github.com/vapor/vapor";
			requirement = {
				kind = upToNextMajorVersion;
				minimumVersion = 4.104.0;
			};
		};
		33BE87A32C72E1220044D245 /* XCRemoteSwiftPackageReference "SWCompression" */ = {
			isa = XCRemoteSwiftPackageReference;
			repositoryURL = "https://github.com/tsolomko/SWCompression";
			requirement = {
				kind = upToNextMajorVersion;
				minimumVersion = 4.8.6;
			};
		};
		33C0409C2C30DD3E00243D90 /* XCRemoteSwiftPackageReference "AlertKit" */ = {
			isa = XCRemoteSwiftPackageReference;
			repositoryURL = "https://github.com/sparrowcode/AlertKit";
			requirement = {
				kind = upToNextMajorVersion;
				minimumVersion = 5.1.9;
			};
		};
		D0AA9D522BFF02AF00A65D45 /* XCRemoteSwiftPackageReference "OpenSSL-Swift-Package" */ = {
			isa = XCRemoteSwiftPackageReference;
			repositoryURL = "https://github.com/HAHALOSAH/OpenSSL-Swift-Package";
			requirement = {
				branch = main;
				kind = branch;
			};
		};
/* End XCRemoteSwiftPackageReference section */

/* Begin XCSwiftPackageProductDependency section */
		3322FF4E2BFEE5B9001768D8 /* Nuke */ = {
			isa = XCSwiftPackageProductDependency;
			package = 3322FF4D2BFEE5B9001768D8 /* XCRemoteSwiftPackageReference "Nuke" */;
			productName = Nuke;
		};
		3322FF502BFEE5B9001768D8 /* NukeExtensions */ = {
			isa = XCSwiftPackageProductDependency;
			package = 3322FF4D2BFEE5B9001768D8 /* XCRemoteSwiftPackageReference "Nuke" */;
			productName = NukeExtensions;
		};
		3322FF522BFEE5B9001768D8 /* NukeUI */ = {
			isa = XCSwiftPackageProductDependency;
			package = 3322FF4D2BFEE5B9001768D8 /* XCRemoteSwiftPackageReference "Nuke" */;
			productName = NukeUI;
		};
		3322FF542BFEE5B9001768D8 /* NukeVideo */ = {
			isa = XCSwiftPackageProductDependency;
			package = 3322FF4D2BFEE5B9001768D8 /* XCRemoteSwiftPackageReference "Nuke" */;
			productName = NukeVideo;
		};
		336EEE802C32367C0011188D /* ZIPFoundation */ = {
			isa = XCSwiftPackageProductDependency;
			package = 336EEE7F2C32367C0011188D /* XCRemoteSwiftPackageReference "ZIPFoundation" */;
			productName = ZIPFoundation;
		};
		33BDD0A52C76EA4200AF6169 /* UIOnboarding */ = {
			isa = XCSwiftPackageProductDependency;
			package = 33BDD0A42C76EA4100AF6169 /* XCRemoteSwiftPackageReference "UIOnboarding-18" */;
			productName = UIOnboarding;
		};
		33BDD0BF2C7866FE00AF6169 /* Vapor */ = {
			isa = XCSwiftPackageProductDependency;
			package = 33BDD0BE2C7866FE00AF6169 /* XCRemoteSwiftPackageReference "vapor" */;
			productName = Vapor;
		};
		33BE87A42C72E1220044D245 /* SWCompression */ = {
			isa = XCSwiftPackageProductDependency;
			package = 33BE87A32C72E1220044D245 /* XCRemoteSwiftPackageReference "SWCompression" */;
			productName = SWCompression;
		};
		33C0409D2C30DD3E00243D90 /* AlertKit */ = {
			isa = XCSwiftPackageProductDependency;
			package = 33C0409C2C30DD3E00243D90 /* XCRemoteSwiftPackageReference "AlertKit" */;
			productName = AlertKit;
		};
		D0AA9D532BFF02AF00A65D45 /* OpenSSL */ = {
			isa = XCSwiftPackageProductDependency;
			package = D0AA9D522BFF02AF00A65D45 /* XCRemoteSwiftPackageReference "OpenSSL-Swift-Package" */;
			productName = OpenSSL;
		};
/* End XCSwiftPackageProductDependency section */
	};
	rootObject = 33BA37832BF8159F00FF530A /* Project object */;
}
